// !$*UTF8*$!
{
	archiveVersion = 1;
	classes = {
	};
	objectVersion = 46;
	objects = {

/* Begin PBXBuildFile section */
		893CF28F1957CA5F006FF12D /* Cocoa.framework in Frameworks */ = {isa = PBXBuildFile; fileRef = 893CF28E1957CA5F006FF12D /* Cocoa.framework */; };
		893CF2991957CA5F006FF12D /* InfoPlist.strings in Resources */ = {isa = PBXBuildFile; fileRef = 893CF2971957CA5F006FF12D /* InfoPlist.strings */; };
		893CF2A41957CA60006FF12D /* XCTest.framework in Frameworks */ = {isa = PBXBuildFile; fileRef = 893CF2A31957CA60006FF12D /* XCTest.framework */; };
		893CF2A51957CA60006FF12D /* Cocoa.framework in Frameworks */ = {isa = PBXBuildFile; fileRef = 893CF28E1957CA5F006FF12D /* Cocoa.framework */; };
		893CF2A81957CA60006FF12D /* LampLighter.framework in Frameworks */ = {isa = PBXBuildFile; fileRef = 893CF28B1957CA5F006FF12D /* LampLighter.framework */; };
		893CF2AE1957CA60006FF12D /* InfoPlist.strings in Resources */ = {isa = PBXBuildFile; fileRef = 893CF2AC1957CA60006FF12D /* InfoPlist.strings */; };
		893CF2B01957CA60006FF12D /* LampLighterTests.m in Sources */ = {isa = PBXBuildFile; fileRef = 893CF2AF1957CA60006FF12D /* LampLighterTests.m */; };
		895058241957ED8C005B2C8C /* DCEditableImage.h in Headers */ = {isa = PBXBuildFile; fileRef = 895058221957ED8C005B2C8C /* DCEditableImage.h */; settings = {ATTRIBUTES = (Public, ); }; };
		895058251957ED8C005B2C8C /* DCEditableImage.m in Sources */ = {isa = PBXBuildFile; fileRef = 895058231957ED8C005B2C8C /* DCEditableImage.m */; };
		8950582819581B08005B2C8C /* LampLighter.h in Headers */ = {isa = PBXBuildFile; fileRef = 8950582719581B08005B2C8C /* LampLighter.h */; settings = {ATTRIBUTES = (Public, ); }; };
/* End PBXBuildFile section */

/* Begin PBXContainerItemProxy section */
		893CF2A61957CA60006FF12D /* PBXContainerItemProxy */ = {
			isa = PBXContainerItemProxy;
			containerPortal = 893CF2821957CA5F006FF12D /* Project object */;
			proxyType = 1;
			remoteGlobalIDString = 893CF28A1957CA5F006FF12D;
			remoteInfo = LampLighter;
		};
/* End PBXContainerItemProxy section */

/* Begin PBXFileReference section */
		893CF28B1957CA5F006FF12D /* LampLighter.framework */ = {isa = PBXFileReference; explicitFileType = wrapper.framework; includeInIndex = 0; path = LampLighter.framework; sourceTree = BUILT_PRODUCTS_DIR; };
		893CF28E1957CA5F006FF12D /* Cocoa.framework */ = {isa = PBXFileReference; lastKnownFileType = wrapper.framework; name = Cocoa.framework; path = System/Library/Frameworks/Cocoa.framework; sourceTree = SDKROOT; };
		893CF2911957CA5F006FF12D /* Foundation.framework */ = {isa = PBXFileReference; lastKnownFileType = wrapper.framework; name = Foundation.framework; path = System/Library/Frameworks/Foundation.framework; sourceTree = SDKROOT; };
		893CF2921957CA5F006FF12D /* CoreData.framework */ = {isa = PBXFileReference; lastKnownFileType = wrapper.framework; name = CoreData.framework; path = System/Library/Frameworks/CoreData.framework; sourceTree = SDKROOT; };
		893CF2931957CA5F006FF12D /* AppKit.framework */ = {isa = PBXFileReference; lastKnownFileType = wrapper.framework; name = AppKit.framework; path = System/Library/Frameworks/AppKit.framework; sourceTree = SDKROOT; };
		893CF2961957CA5F006FF12D /* LampLighter-Info.plist */ = {isa = PBXFileReference; lastKnownFileType = text.plist.xml; path = "LampLighter-Info.plist"; sourceTree = "<group>"; };
		893CF2981957CA5F006FF12D /* en */ = {isa = PBXFileReference; lastKnownFileType = text.plist.strings; name = en; path = en.lproj/InfoPlist.strings; sourceTree = "<group>"; };
		893CF29A1957CA5F006FF12D /* LampLighter-Prefix.pch */ = {isa = PBXFileReference; lastKnownFileType = sourcecode.c.h; path = "LampLighter-Prefix.pch"; sourceTree = "<group>"; };
		893CF2A21957CA60006FF12D /* LampLighterTests.xctest */ = {isa = PBXFileReference; explicitFileType = wrapper.cfbundle; includeInIndex = 0; path = LampLighterTests.xctest; sourceTree = BUILT_PRODUCTS_DIR; };
		893CF2A31957CA60006FF12D /* XCTest.framework */ = {isa = PBXFileReference; lastKnownFileType = wrapper.framework; name = XCTest.framework; path = Library/Frameworks/XCTest.framework; sourceTree = DEVELOPER_DIR; };
		893CF2AB1957CA60006FF12D /* LampLighterTests-Info.plist */ = {isa = PBXFileReference; lastKnownFileType = text.plist.xml; path = "LampLighterTests-Info.plist"; sourceTree = "<group>"; };
		893CF2AD1957CA60006FF12D /* en */ = {isa = PBXFileReference; lastKnownFileType = text.plist.strings; name = en; path = en.lproj/InfoPlist.strings; sourceTree = "<group>"; };
		893CF2AF1957CA60006FF12D /* LampLighterTests.m */ = {isa = PBXFileReference; lastKnownFileType = sourcecode.c.objc; path = LampLighterTests.m; sourceTree = "<group>"; };
		895058221957ED8C005B2C8C /* DCEditableImage.h */ = {isa = PBXFileReference; fileEncoding = 4; lastKnownFileType = sourcecode.c.h; path = DCEditableImage.h; sourceTree = "<group>"; };
		895058231957ED8C005B2C8C /* DCEditableImage.m */ = {isa = PBXFileReference; fileEncoding = 4; lastKnownFileType = sourcecode.c.objc; path = DCEditableImage.m; sourceTree = "<group>"; };
		8950582719581B08005B2C8C /* LampLighter.h */ = {isa = PBXFileReference; fileEncoding = 4; lastKnownFileType = sourcecode.c.h; path = LampLighter.h; sourceTree = "<group>"; };
/* End PBXFileReference section */

/* Begin PBXFrameworksBuildPhase section */
		893CF2871957CA5F006FF12D /* Frameworks */ = {
			isa = PBXFrameworksBuildPhase;
			buildActionMask = 2147483647;
			files = (
				893CF28F1957CA5F006FF12D /* Cocoa.framework in Frameworks */,
			);
			runOnlyForDeploymentPostprocessing = 0;
		};
		893CF29F1957CA60006FF12D /* Frameworks */ = {
			isa = PBXFrameworksBuildPhase;
			buildActionMask = 2147483647;
			files = (
				893CF2A51957CA60006FF12D /* Cocoa.framework in Frameworks */,
				893CF2A41957CA60006FF12D /* XCTest.framework in Frameworks */,
				893CF2A81957CA60006FF12D /* LampLighter.framework in Frameworks */,
			);
			runOnlyForDeploymentPostprocessing = 0;
		};
/* End PBXFrameworksBuildPhase section */

/* Begin PBXGroup section */
		893CF2811957CA5F006FF12D = {
			isa = PBXGroup;
			children = (
				893CF2941957CA5F006FF12D /* LampLighter */,
				893CF2A91957CA60006FF12D /* LampLighterTests */,
				893CF28D1957CA5F006FF12D /* Frameworks */,
				893CF28C1957CA5F006FF12D /* Products */,
			);
			sourceTree = "<group>";
		};
		893CF28C1957CA5F006FF12D /* Products */ = {
			isa = PBXGroup;
			children = (
				893CF28B1957CA5F006FF12D /* LampLighter.framework */,
				893CF2A21957CA60006FF12D /* LampLighterTests.xctest */,
			);
			name = Products;
			sourceTree = "<group>";
		};
		893CF28D1957CA5F006FF12D /* Frameworks */ = {
			isa = PBXGroup;
			children = (
				893CF28E1957CA5F006FF12D /* Cocoa.framework */,
				893CF2A31957CA60006FF12D /* XCTest.framework */,
				893CF2901957CA5F006FF12D /* Other Frameworks */,
			);
			name = Frameworks;
			sourceTree = "<group>";
		};
		893CF2901957CA5F006FF12D /* Other Frameworks */ = {
			isa = PBXGroup;
			children = (
				893CF2911957CA5F006FF12D /* Foundation.framework */,
				893CF2921957CA5F006FF12D /* CoreData.framework */,
				893CF2931957CA5F006FF12D /* AppKit.framework */,
			);
			name = "Other Frameworks";
			sourceTree = "<group>";
		};
		893CF2941957CA5F006FF12D /* LampLighter */ = {
			isa = PBXGroup;
			children = (
				893CF2951957CA5F006FF12D /* Supporting Files */,
				895058221957ED8C005B2C8C /* DCEditableImage.h */,
				895058231957ED8C005B2C8C /* DCEditableImage.m */,
				8950582719581B08005B2C8C /* LampLighter.h */,
			);
			path = LampLighter;
			sourceTree = "<group>";
		};
		893CF2951957CA5F006FF12D /* Supporting Files */ = {
			isa = PBXGroup;
			children = (
				893CF2961957CA5F006FF12D /* LampLighter-Info.plist */,
				893CF2971957CA5F006FF12D /* InfoPlist.strings */,
				893CF29A1957CA5F006FF12D /* LampLighter-Prefix.pch */,
			);
			name = "Supporting Files";
			sourceTree = "<group>";
		};
		893CF2A91957CA60006FF12D /* LampLighterTests */ = {
			isa = PBXGroup;
			children = (
				893CF2AF1957CA60006FF12D /* LampLighterTests.m */,
				893CF2AA1957CA60006FF12D /* Supporting Files */,
			);
			path = LampLighterTests;
			sourceTree = "<group>";
		};
		893CF2AA1957CA60006FF12D /* Supporting Files */ = {
			isa = PBXGroup;
			children = (
				893CF2AB1957CA60006FF12D /* LampLighterTests-Info.plist */,
				893CF2AC1957CA60006FF12D /* InfoPlist.strings */,
			);
			name = "Supporting Files";
			sourceTree = "<group>";
		};
/* End PBXGroup section */

/* Begin PBXHeadersBuildPhase section */
		893CF2881957CA5F006FF12D /* Headers */ = {
			isa = PBXHeadersBuildPhase;
			buildActionMask = 2147483647;
			files = (
				8950582819581B08005B2C8C /* LampLighter.h in Headers */,
				895058241957ED8C005B2C8C /* DCEditableImage.h in Headers */,
			);
			runOnlyForDeploymentPostprocessing = 0;
		};
/* End PBXHeadersBuildPhase section */

/* Begin PBXNativeTarget section */
		893CF28A1957CA5F006FF12D /* LampLighter */ = {
			isa = PBXNativeTarget;
			buildConfigurationList = 893CF2B31957CA60006FF12D /* Build configuration list for PBXNativeTarget "LampLighter" */;
			buildPhases = (
				893CF2861957CA5F006FF12D /* Sources */,
				893CF2871957CA5F006FF12D /* Frameworks */,
				893CF2881957CA5F006FF12D /* Headers */,
				893CF2891957CA5F006FF12D /* Resources */,
			);
			buildRules = (
			);
			dependencies = (
			);
			name = LampLighter;
			productName = LampLighter;
			productReference = 893CF28B1957CA5F006FF12D /* LampLighter.framework */;
			productType = "com.apple.product-type.framework";
		};
		893CF2A11957CA60006FF12D /* LampLighterTests */ = {
			isa = PBXNativeTarget;
			buildConfigurationList = 893CF2B61957CA60006FF12D /* Build configuration list for PBXNativeTarget "LampLighterTests" */;
			buildPhases = (
				893CF29E1957CA60006FF12D /* Sources */,
				893CF29F1957CA60006FF12D /* Frameworks */,
				893CF2A01957CA60006FF12D /* Resources */,
			);
			buildRules = (
			);
			dependencies = (
				893CF2A71957CA60006FF12D /* PBXTargetDependency */,
			);
			name = LampLighterTests;
			productName = LampLighterTests;
			productReference = 893CF2A21957CA60006FF12D /* LampLighterTests.xctest */;
			productType = "com.apple.product-type.bundle.unit-test";
		};
/* End PBXNativeTarget section */

/* Begin PBXProject section */
		893CF2821957CA5F006FF12D /* Project object */ = {
			isa = PBXProject;
			attributes = {
				LastUpgradeCheck = 0510;
				ORGANIZATIONNAME = "Derek Chen";
				TargetAttributes = {
					893CF2A11957CA60006FF12D = {
						TestTargetID = 893CF28A1957CA5F006FF12D;
					};
				};
			};
			buildConfigurationList = 893CF2851957CA5F006FF12D /* Build configuration list for PBXProject "LampLighter" */;
			compatibilityVersion = "Xcode 3.2";
			developmentRegion = English;
			hasScannedForEncodings = 0;
			knownRegions = (
				en,
			);
			mainGroup = 893CF2811957CA5F006FF12D;
			productRefGroup = 893CF28C1957CA5F006FF12D /* Products */;
			projectDirPath = "";
			projectRoot = "";
			targets = (
				893CF28A1957CA5F006FF12D /* LampLighter */,
				893CF2A11957CA60006FF12D /* LampLighterTests */,
			);
		};
/* End PBXProject section */

/* Begin PBXResourcesBuildPhase section */
		893CF2891957CA5F006FF12D /* Resources */ = {
			isa = PBXResourcesBuildPhase;
			buildActionMask = 2147483647;
			files = (
				893CF2991957CA5F006FF12D /* InfoPlist.strings in Resources */,
			);
			runOnlyForDeploymentPostprocessing = 0;
		};
		893CF2A01957CA60006FF12D /* Resources */ = {
			isa = PBXResourcesBuildPhase;
			buildActionMask = 2147483647;
			files = (
				893CF2AE1957CA60006FF12D /* InfoPlist.strings in Resources */,
			);
			runOnlyForDeploymentPostprocessing = 0;
		};
/* End PBXResourcesBuildPhase section */

/* Begin PBXSourcesBuildPhase section */
		893CF2861957CA5F006FF12D /* Sources */ = {
			isa = PBXSourcesBuildPhase;
			buildActionMask = 2147483647;
			files = (
				895058251957ED8C005B2C8C /* DCEditableImage.m in Sources */,
			);
			runOnlyForDeploymentPostprocessing = 0;
		};
		893CF29E1957CA60006FF12D /* Sources */ = {
			isa = PBXSourcesBuildPhase;
			buildActionMask = 2147483647;
			files = (
				893CF2B01957CA60006FF12D /* LampLighterTests.m in Sources */,
			);
			runOnlyForDeploymentPostprocessing = 0;
		};
/* End PBXSourcesBuildPhase section */

/* Begin PBXTargetDependency section */
		893CF2A71957CA60006FF12D /* PBXTargetDependency */ = {
			isa = PBXTargetDependency;
			target = 893CF28A1957CA5F006FF12D /* LampLighter */;
			targetProxy = 893CF2A61957CA60006FF12D /* PBXContainerItemProxy */;
		};
/* End PBXTargetDependency section */

/* Begin PBXVariantGroup section */
		893CF2971957CA5F006FF12D /* InfoPlist.strings */ = {
			isa = PBXVariantGroup;
			children = (
				893CF2981957CA5F006FF12D /* en */,
			);
			name = InfoPlist.strings;
			sourceTree = "<group>";
		};
		893CF2AC1957CA60006FF12D /* InfoPlist.strings */ = {
			isa = PBXVariantGroup;
			children = (
				893CF2AD1957CA60006FF12D /* en */,
			);
			name = InfoPlist.strings;
			sourceTree = "<group>";
		};
/* End PBXVariantGroup section */

/* Begin XCBuildConfiguration section */
		893CF2B11957CA60006FF12D /* Debug */ = {
			isa = XCBuildConfiguration;
			buildSettings = {
				ALWAYS_SEARCH_USER_PATHS = NO;
				CLANG_CXX_LANGUAGE_STANDARD = "gnu++0x";
				CLANG_CXX_LIBRARY = "libc++";
				CLANG_ENABLE_MODULES = YES;
				CLANG_ENABLE_OBJC_ARC = YES;
				CLANG_WARN_BOOL_CONVERSION = YES;
				CLANG_WARN_CONSTANT_CONVERSION = YES;
				CLANG_WARN_DIRECT_OBJC_ISA_USAGE = YES_ERROR;
				CLANG_WARN_EMPTY_BODY = YES;
				CLANG_WARN_ENUM_CONVERSION = YES;
				CLANG_WARN_INT_CONVERSION = YES;
				CLANG_WARN_OBJC_ROOT_CLASS = YES_ERROR;
				CLANG_WARN__DUPLICATE_METHOD_MATCH = YES;
				COPY_PHASE_STRIP = NO;
				GCC_C_LANGUAGE_STANDARD = gnu99;
				GCC_DYNAMIC_NO_PIC = NO;
				GCC_ENABLE_OBJC_EXCEPTIONS = YES;
				GCC_OPTIMIZATION_LEVEL = 0;
				GCC_PREPROCESSOR_DEFINITIONS = (
					"DEBUG=1",
					"$(inherited)",
				);
				GCC_SYMBOLS_PRIVATE_EXTERN = NO;
				GCC_WARN_64_TO_32_BIT_CONVERSION = YES;
				GCC_WARN_ABOUT_RETURN_TYPE = YES_ERROR;
				GCC_WARN_UNDECLARED_SELECTOR = YES;
				GCC_WARN_UNINITIALIZED_AUTOS = YES_AGGRESSIVE;
				GCC_WARN_UNUSED_FUNCTION = YES;
				GCC_WARN_UNUSED_VARIABLE = YES;
				MACOSX_DEPLOYMENT_TARGET = 10.9;
				ONLY_ACTIVE_ARCH = YES;
				SDKROOT = macosx;
			};
			name = Debug;
		};
		893CF2B21957CA60006FF12D /* Release */ = {
			isa = XCBuildConfiguration;
			buildSettings = {
				ALWAYS_SEARCH_USER_PATHS = NO;
				CLANG_CXX_LANGUAGE_STANDARD = "gnu++0x";
				CLANG_CXX_LIBRARY = "libc++";
				CLANG_ENABLE_MODULES = YES;
				CLANG_ENABLE_OBJC_ARC = YES;
				CLANG_WARN_BOOL_CONVERSION = YES;
				CLANG_WARN_CONSTANT_CONVERSION = YES;
				CLANG_WARN_DIRECT_OBJC_ISA_USAGE = YES_ERROR;
				CLANG_WARN_EMPTY_BODY = YES;
				CLANG_WARN_ENUM_CONVERSION = YES;
				CLANG_WARN_INT_CONVERSION = YES;
				CLANG_WARN_OBJC_ROOT_CLASS = YES_ERROR;
				CLANG_WARN__DUPLICATE_METHOD_MATCH = YES;
				COPY_PHASE_STRIP = YES;
				DEBUG_INFORMATION_FORMAT = "dwarf-with-dsym";
				ENABLE_NS_ASSERTIONS = NO;
				GCC_C_LANGUAGE_STANDARD = gnu99;
				GCC_ENABLE_OBJC_EXCEPTIONS = YES;
				GCC_WARN_64_TO_32_BIT_CONVERSION = YES;
				GCC_WARN_ABOUT_RETURN_TYPE = YES_ERROR;
				GCC_WARN_UNDECLARED_SELECTOR = YES;
				GCC_WARN_UNINITIALIZED_AUTOS = YES_AGGRESSIVE;
				GCC_WARN_UNUSED_FUNCTION = YES;
				GCC_WARN_UNUSED_VARIABLE = YES;
				MACOSX_DEPLOYMENT_TARGET = 10.9;
				SDKROOT = macosx;
			};
			name = Release;
		};
		893CF2B41957CA60006FF12D /* Debug */ = {
			isa = XCBuildConfiguration;
			buildSettings = {
				COMBINE_HIDPI_IMAGES = YES;
				DYLIB_COMPATIBILITY_VERSION = 1;
				DYLIB_CURRENT_VERSION = 1;
				FRAMEWORK_VERSION = A;
				GCC_PRECOMPILE_PREFIX_HEADER = YES;
				GCC_PREFIX_HEADER = "LampLighter/LampLighter-Prefix.pch";
				INFOPLIST_FILE = "LampLighter/LampLighter-Info.plist";
				PRODUCT_NAME = "$(TARGET_NAME)";
				WRAPPER_EXTENSION = framework;
			};
			name = Debug;
		};
		893CF2B51957CA60006FF12D /* Release */ = {
			isa = XCBuildConfiguration;
			buildSettings = {
				COMBINE_HIDPI_IMAGES = YES;
				DYLIB_COMPATIBILITY_VERSION = 1;
				DYLIB_CURRENT_VERSION = 1;
				FRAMEWORK_VERSION = A;
				GCC_PRECOMPILE_PREFIX_HEADER = YES;
				GCC_PREFIX_HEADER = "LampLighter/LampLighter-Prefix.pch";
				INFOPLIST_FILE = "LampLighter/LampLighter-Info.plist";
				PRODUCT_NAME = "$(TARGET_NAME)";
				WRAPPER_EXTENSION = framework;
			};
			name = Release;
		};
		893CF2B71957CA60006FF12D /* Debug */ = {
			isa = XCBuildConfiguration;
			buildSettings = {
				BUNDLE_LOADER = "$(BUILT_PRODUCTS_DIR)/LampLighter.framework/Versions/A/LampLighter";
				COMBINE_HIDPI_IMAGES = YES;
				FRAMEWORK_SEARCH_PATHS = (
					"$(DEVELOPER_FRAMEWORKS_DIR)",
					"$(inherited)",
				);
				GCC_PRECOMPILE_PREFIX_HEADER = YES;
				GCC_PREFIX_HEADER = "LampLighter/LampLighter-Prefix.pch";
				GCC_PREPROCESSOR_DEFINITIONS = (
					"DEBUG=1",
					"$(inherited)",
				);
				INFOPLIST_FILE = "LampLighterTests/LampLighterTests-Info.plist";
				PRODUCT_NAME = "$(TARGET_NAME)";
				TEST_HOST = "$(BUNDLE_LOADER)";
				WRAPPER_EXTENSION = xctest;
			};
			name = Debug;
		};
		893CF2B81957CA60006FF12D /* Release */ = {
			isa = XCBuildConfiguration;
			buildSettings = {
				BUNDLE_LOADER = "$(BUILT_PRODUCTS_DIR)/LampLighter.framework/Versions/A/LampLighter";
				COMBINE_HIDPI_IMAGES = YES;
				FRAMEWORK_SEARCH_PATHS = (
					"$(DEVELOPER_FRAMEWORKS_DIR)",
					"$(inherited)",
				);
				GCC_PRECOMPILE_PREFIX_HEADER = YES;
				GCC_PREFIX_HEADER = "LampLighter/LampLighter-Prefix.pch";
				INFOPLIST_FILE = "LampLighterTests/LampLighterTests-Info.plist";
				PRODUCT_NAME = "$(TARGET_NAME)";
				TEST_HOST = "$(BUNDLE_LOADER)";
				WRAPPER_EXTENSION = xctest;
			};
			name = Release;
		};
/* End XCBuildConfiguration section */

/* Begin XCConfigurationList section */
		893CF2851957CA5F006FF12D /* Build configuration list for PBXProject "LampLighter" */ = {
			isa = XCConfigurationList;
			buildConfigurations = (
				893CF2B11957CA60006FF12D /* Debug */,
				893CF2B21957CA60006FF12D /* Release */,
			);
			defaultConfigurationIsVisible = 0;
			defaultConfigurationName = Release;
		};
		893CF2B31957CA60006FF12D /* Build configuration list for PBXNativeTarget "LampLighter" */ = {
			isa = XCConfigurationList;
			buildConfigurations = (
				893CF2B41957CA60006FF12D /* Debug */,
				893CF2B51957CA60006FF12D /* Release */,
			);
			defaultConfigurationIsVisible = 0;
			defaultConfigurationName = Release;
		};
		893CF2B61957CA60006FF12D /* Build configuration list for PBXNativeTarget "LampLighterTests" */ = {
			isa = XCConfigurationList;
			buildConfigurations = (
				893CF2B71957CA60006FF12D /* Debug */,
				893CF2B81957CA60006FF12D /* Release */,
			);
			defaultConfigurationIsVisible = 0;
			defaultConfigurationName = Release;
		};
/* End XCConfigurationList section */
	};
	rootObject = 893CF2821957CA5F006FF12D /* Project object */;
}
