// !$*UTF8*$!
{
	archiveVersion = 1;
	classes = {
	};
	objectVersion = 46;
	objects = {

/* Begin PBXBuildFile section */
		8917D753196B72420082089A /* DCImageEditScene.m in Sources */ = {isa = PBXBuildFile; fileRef = 8917D752196B72420082089A /* DCImageEditScene.m */; };
		891F1F851963AFEF00796F46 /* QuartzCore.framework in Frameworks */ = {isa = PBXBuildFile; fileRef = 891F1F841963AFEF00796F46 /* QuartzCore.framework */; };
		892EB259195BF906004CE94A /* DCImageEditView.m in Sources */ = {isa = PBXBuildFile; fileRef = 892EB251195BF906004CE94A /* DCImageEditView.m */; };
		892EB25A195BF906004CE94A /* DCImageEditViewController.m in Sources */ = {isa = PBXBuildFile; fileRef = 892EB253195BF906004CE94A /* DCImageEditViewController.m */; };
		892EB25B195BF906004CE94A /* DCImageCropTool.m in Sources */ = {isa = PBXBuildFile; fileRef = 892EB255195BF906004CE94A /* DCImageCropTool.m */; };
		892EB25C195BF906004CE94A /* DCImageEditTool.m in Sources */ = {isa = PBXBuildFile; fileRef = 892EB256195BF906004CE94A /* DCImageEditTool.m */; };
		892EB25D195BF906004CE94A /* DCImageRotateTool.m in Sources */ = {isa = PBXBuildFile; fileRef = 892EB258195BF906004CE94A /* DCImageRotateTool.m */; };
		892EB25F195BF916004CE94A /* DCImageEditViewController.xib in Resources */ = {isa = PBXBuildFile; fileRef = 892EB25E195BF916004CE94A /* DCImageEditViewController.xib */; };
		89347B291964F37700BCD74C /* DCImageCropTool+ActionList.m in Sources */ = {isa = PBXBuildFile; fileRef = 89347B281964F37700BCD74C /* DCImageCropTool+ActionList.m */; };
		89B0A6A7195BB80B0092FC97 /* Cocoa.framework in Frameworks */ = {isa = PBXBuildFile; fileRef = 89B0A6A6195BB80B0092FC97 /* Cocoa.framework */; };
		89B0A6B1195BB80B0092FC97 /* InfoPlist.strings in Resources */ = {isa = PBXBuildFile; fileRef = 89B0A6AF195BB80B0092FC97 /* InfoPlist.strings */; };
		89B0A6B3195BB80B0092FC97 /* main.m in Sources */ = {isa = PBXBuildFile; fileRef = 89B0A6B2195BB80B0092FC97 /* main.m */; };
		89B0A6B7195BB80B0092FC97 /* Credits.rtf in Resources */ = {isa = PBXBuildFile; fileRef = 89B0A6B5195BB80B0092FC97 /* Credits.rtf */; };
		89B0A6BA195BB80B0092FC97 /* DCAppDelegate.m in Sources */ = {isa = PBXBuildFile; fileRef = 89B0A6B9195BB80B0092FC97 /* DCAppDelegate.m */; };
		89B0A6BD195BB80C0092FC97 /* MainMenu.xib in Resources */ = {isa = PBXBuildFile; fileRef = 89B0A6BB195BB80C0092FC97 /* MainMenu.xib */; };
		89B0A6BF195BB80C0092FC97 /* Images.xcassets in Resources */ = {isa = PBXBuildFile; fileRef = 89B0A6BE195BB80C0092FC97 /* Images.xcassets */; };
		89B0A6C6195BB80C0092FC97 /* XCTest.framework in Frameworks */ = {isa = PBXBuildFile; fileRef = 89B0A6C5195BB80C0092FC97 /* XCTest.framework */; };
		89B0A6C7195BB80C0092FC97 /* Cocoa.framework in Frameworks */ = {isa = PBXBuildFile; fileRef = 89B0A6A6195BB80B0092FC97 /* Cocoa.framework */; };
		89B0A6CF195BB80C0092FC97 /* InfoPlist.strings in Resources */ = {isa = PBXBuildFile; fileRef = 89B0A6CD195BB80C0092FC97 /* InfoPlist.strings */; };
		89B0A6D1195BB80C0092FC97 /* LampLighterTests.m in Sources */ = {isa = PBXBuildFile; fileRef = 89B0A6D0195BB80C0092FC97 /* LampLighterTests.m */; };
		89B0A6ED195BB84E0092FC97 /* DCEditableImage.m in Sources */ = {isa = PBXBuildFile; fileRef = 89B0A6E5195BB84E0092FC97 /* DCEditableImage.m */; };
		89CA25831962F32900471681 /* Beauty.jpg in Resources */ = {isa = PBXBuildFile; fileRef = 89CA25821962F32900471681 /* Beauty.jpg */; };
		89DC8075198779F800CC6FE8 /* Tourbillon.framework in Frameworks */ = {isa = PBXBuildFile; fileRef = 8948EB3C198110C3006FC2C6 /* Tourbillon.framework */; };
		89E41BCD1966CCFE00637AB2 /* DCImageCropTool+Responder.m in Sources */ = {isa = PBXBuildFile; fileRef = 89E41BCC1966CCFE00637AB2 /* DCImageCropTool+Responder.m */; };
/* End PBXBuildFile section */

/* Begin PBXContainerItemProxy section */
		8948EB3B198110C3006FC2C6 /* PBXContainerItemProxy */ = {
			isa = PBXContainerItemProxy;
			containerPortal = 8948EB34198110C2006FC2C6 /* Tourbillon.xcodeproj */;
			proxyType = 2;
			remoteGlobalIDString = 89E137401925B11000A3EFB7;
			remoteInfo = Tourbillon;
		};
		8948EB3D198110C3006FC2C6 /* PBXContainerItemProxy */ = {
			isa = PBXContainerItemProxy;
			containerPortal = 8948EB34198110C2006FC2C6 /* Tourbillon.xcodeproj */;
			proxyType = 2;
			remoteGlobalIDString = 89E137571925B11000A3EFB7;
			remoteInfo = TourbillonTests;
		};
		8948EB3F198110C3006FC2C6 /* PBXContainerItemProxy */ = {
			isa = PBXContainerItemProxy;
			containerPortal = 8948EB34198110C2006FC2C6 /* Tourbillon.xcodeproj */;
			proxyType = 2;
			remoteGlobalIDString = 89E137721925B13D00A3EFB7;
			remoteInfo = "Tourbillon-iOS";
		};
		8948EB41198110C3006FC2C6 /* PBXContainerItemProxy */ = {
			isa = PBXContainerItemProxy;
			containerPortal = 8948EB34198110C2006FC2C6 /* Tourbillon.xcodeproj */;
			proxyType = 2;
			remoteGlobalIDString = 89E137801925B13D00A3EFB7;
			remoteInfo = "Tourbillon-iOSTests";
		};
		89B0A6C8195BB80C0092FC97 /* PBXContainerItemProxy */ = {
			isa = PBXContainerItemProxy;
			containerPortal = 89B0A69B195BB80B0092FC97 /* Project object */;
			proxyType = 1;
			remoteGlobalIDString = 89B0A6A2195BB80B0092FC97;
			remoteInfo = LampLighter;
		};
		89DC806F198779F500CC6FE8 /* PBXContainerItemProxy */ = {
			isa = PBXContainerItemProxy;
			containerPortal = 8948EB34198110C2006FC2C6 /* Tourbillon.xcodeproj */;
			proxyType = 1;
			remoteGlobalIDString = 89E1373F1925B11000A3EFB7;
			remoteInfo = Tourbillon;
		};
/* End PBXContainerItemProxy section */

/* Begin PBXFileReference section */
		8917D751196B72420082089A /* DCImageEditScene.h */ = {isa = PBXFileReference; fileEncoding = 4; lastKnownFileType = sourcecode.c.h; path = DCImageEditScene.h; sourceTree = "<group>"; };
		8917D752196B72420082089A /* DCImageEditScene.m */ = {isa = PBXFileReference; fileEncoding = 4; lastKnownFileType = sourcecode.c.objc; path = DCImageEditScene.m; sourceTree = "<group>"; };
		891F1F841963AFEF00796F46 /* QuartzCore.framework */ = {isa = PBXFileReference; lastKnownFileType = wrapper.framework; name = QuartzCore.framework; path = System/Library/Frameworks/QuartzCore.framework; sourceTree = SDKROOT; };
		892EB24F195BF906004CE94A /* DCImageEditTool.h */ = {isa = PBXFileReference; fileEncoding = 4; lastKnownFileType = sourcecode.c.h; path = DCImageEditTool.h; sourceTree = "<group>"; };
		892EB250195BF906004CE94A /* DCImageEditView.h */ = {isa = PBXFileReference; fileEncoding = 4; lastKnownFileType = sourcecode.c.h; path = DCImageEditView.h; sourceTree = "<group>"; };
		892EB251195BF906004CE94A /* DCImageEditView.m */ = {isa = PBXFileReference; fileEncoding = 4; lastKnownFileType = sourcecode.c.objc; path = DCImageEditView.m; sourceTree = "<group>"; };
		892EB252195BF906004CE94A /* DCImageEditViewController.h */ = {isa = PBXFileReference; fileEncoding = 4; lastKnownFileType = sourcecode.c.h; path = DCImageEditViewController.h; sourceTree = "<group>"; };
		892EB253195BF906004CE94A /* DCImageEditViewController.m */ = {isa = PBXFileReference; fileEncoding = 4; lastKnownFileType = sourcecode.c.objc; path = DCImageEditViewController.m; sourceTree = "<group>"; };
		892EB254195BF906004CE94A /* DCImageCropTool.h */ = {isa = PBXFileReference; fileEncoding = 4; lastKnownFileType = sourcecode.c.h; path = DCImageCropTool.h; sourceTree = "<group>"; };
		892EB255195BF906004CE94A /* DCImageCropTool.m */ = {isa = PBXFileReference; fileEncoding = 4; lastKnownFileType = sourcecode.c.objc; path = DCImageCropTool.m; sourceTree = "<group>"; };
		892EB256195BF906004CE94A /* DCImageEditTool.m */ = {isa = PBXFileReference; fileEncoding = 4; lastKnownFileType = sourcecode.c.objc; path = DCImageEditTool.m; sourceTree = "<group>"; };
		892EB257195BF906004CE94A /* DCImageRotateTool.h */ = {isa = PBXFileReference; fileEncoding = 4; lastKnownFileType = sourcecode.c.h; path = DCImageRotateTool.h; sourceTree = "<group>"; };
		892EB258195BF906004CE94A /* DCImageRotateTool.m */ = {isa = PBXFileReference; fileEncoding = 4; lastKnownFileType = sourcecode.c.objc; path = DCImageRotateTool.m; sourceTree = "<group>"; };
		892EB25E195BF916004CE94A /* DCImageEditViewController.xib */ = {isa = PBXFileReference; fileEncoding = 4; lastKnownFileType = file.xib; path = DCImageEditViewController.xib; sourceTree = "<group>"; };
		89347B271964F37700BCD74C /* DCImageCropTool+ActionList.h */ = {isa = PBXFileReference; fileEncoding = 4; lastKnownFileType = sourcecode.c.h; path = "DCImageCropTool+ActionList.h"; sourceTree = "<group>"; };
		89347B281964F37700BCD74C /* DCImageCropTool+ActionList.m */ = {isa = PBXFileReference; fileEncoding = 4; lastKnownFileType = sourcecode.c.objc; path = "DCImageCropTool+ActionList.m"; sourceTree = "<group>"; };
		8948EB34198110C2006FC2C6 /* Tourbillon.xcodeproj */ = {isa = PBXFileReference; lastKnownFileType = "wrapper.pb-project"; name = Tourbillon.xcodeproj; path = ../../Tourbillon/Tourbillon.xcodeproj; sourceTree = "<group>"; };
		89B0A6A3195BB80B0092FC97 /* LampLighter.app */ = {isa = PBXFileReference; explicitFileType = wrapper.application; includeInIndex = 0; path = LampLighter.app; sourceTree = BUILT_PRODUCTS_DIR; };
		89B0A6A6195BB80B0092FC97 /* Cocoa.framework */ = {isa = PBXFileReference; lastKnownFileType = wrapper.framework; name = Cocoa.framework; path = System/Library/Frameworks/Cocoa.framework; sourceTree = SDKROOT; };
		89B0A6A9195BB80B0092FC97 /* AppKit.framework */ = {isa = PBXFileReference; lastKnownFileType = wrapper.framework; name = AppKit.framework; path = System/Library/Frameworks/AppKit.framework; sourceTree = SDKROOT; };
		89B0A6AA195BB80B0092FC97 /* CoreData.framework */ = {isa = PBXFileReference; lastKnownFileType = wrapper.framework; name = CoreData.framework; path = System/Library/Frameworks/CoreData.framework; sourceTree = SDKROOT; };
		89B0A6AB195BB80B0092FC97 /* Foundation.framework */ = {isa = PBXFileReference; lastKnownFileType = wrapper.framework; name = Foundation.framework; path = System/Library/Frameworks/Foundation.framework; sourceTree = SDKROOT; };
		89B0A6AE195BB80B0092FC97 /* LampLighter-Info.plist */ = {isa = PBXFileReference; lastKnownFileType = text.plist.xml; path = "LampLighter-Info.plist"; sourceTree = "<group>"; };
		89B0A6B0195BB80B0092FC97 /* en */ = {isa = PBXFileReference; lastKnownFileType = text.plist.strings; name = en; path = en.lproj/InfoPlist.strings; sourceTree = "<group>"; };
		89B0A6B2195BB80B0092FC97 /* main.m */ = {isa = PBXFileReference; lastKnownFileType = sourcecode.c.objc; path = main.m; sourceTree = "<group>"; };
		89B0A6B4195BB80B0092FC97 /* LampLighter-Prefix.pch */ = {isa = PBXFileReference; lastKnownFileType = sourcecode.c.h; path = "LampLighter-Prefix.pch"; sourceTree = "<group>"; };
		89B0A6B6195BB80B0092FC97 /* en */ = {isa = PBXFileReference; lastKnownFileType = text.rtf; name = en; path = en.lproj/Credits.rtf; sourceTree = "<group>"; };
		89B0A6B8195BB80B0092FC97 /* DCAppDelegate.h */ = {isa = PBXFileReference; lastKnownFileType = sourcecode.c.h; path = DCAppDelegate.h; sourceTree = "<group>"; };
		89B0A6B9195BB80B0092FC97 /* DCAppDelegate.m */ = {isa = PBXFileReference; lastKnownFileType = sourcecode.c.objc; path = DCAppDelegate.m; sourceTree = "<group>"; };
		89B0A6BC195BB80C0092FC97 /* Base */ = {isa = PBXFileReference; lastKnownFileType = file.xib; name = Base; path = Base.lproj/MainMenu.xib; sourceTree = "<group>"; };
		89B0A6BE195BB80C0092FC97 /* Images.xcassets */ = {isa = PBXFileReference; lastKnownFileType = folder.assetcatalog; path = Images.xcassets; sourceTree = "<group>"; };
		89B0A6C4195BB80C0092FC97 /* LampLighterTests.xctest */ = {isa = PBXFileReference; explicitFileType = wrapper.cfbundle; includeInIndex = 0; path = LampLighterTests.xctest; sourceTree = BUILT_PRODUCTS_DIR; };
		89B0A6C5195BB80C0092FC97 /* XCTest.framework */ = {isa = PBXFileReference; lastKnownFileType = wrapper.framework; name = XCTest.framework; path = Library/Frameworks/XCTest.framework; sourceTree = DEVELOPER_DIR; };
		89B0A6CC195BB80C0092FC97 /* LampLighterTests-Info.plist */ = {isa = PBXFileReference; lastKnownFileType = text.plist.xml; path = "LampLighterTests-Info.plist"; sourceTree = "<group>"; };
		89B0A6CE195BB80C0092FC97 /* en */ = {isa = PBXFileReference; lastKnownFileType = text.plist.strings; name = en; path = en.lproj/InfoPlist.strings; sourceTree = "<group>"; };
		89B0A6D0195BB80C0092FC97 /* LampLighterTests.m */ = {isa = PBXFileReference; lastKnownFileType = sourcecode.c.objc; path = LampLighterTests.m; sourceTree = "<group>"; };
		89B0A6E5195BB84E0092FC97 /* DCEditableImage.m */ = {isa = PBXFileReference; fileEncoding = 4; lastKnownFileType = sourcecode.c.objc; path = DCEditableImage.m; sourceTree = "<group>"; };
		89B0A6E6195BB84E0092FC97 /* DCEditableImage.h */ = {isa = PBXFileReference; fileEncoding = 4; lastKnownFileType = sourcecode.c.h; path = DCEditableImage.h; sourceTree = "<group>"; };
		89CA25821962F32900471681 /* Beauty.jpg */ = {isa = PBXFileReference; lastKnownFileType = image.jpeg; path = Beauty.jpg; sourceTree = "<group>"; };
		89E41BCB1966CCFE00637AB2 /* DCImageCropTool+Responder.h */ = {isa = PBXFileReference; fileEncoding = 4; lastKnownFileType = sourcecode.c.h; path = "DCImageCropTool+Responder.h"; sourceTree = "<group>"; };
		89E41BCC1966CCFE00637AB2 /* DCImageCropTool+Responder.m */ = {isa = PBXFileReference; fileEncoding = 4; lastKnownFileType = sourcecode.c.objc; path = "DCImageCropTool+Responder.m"; sourceTree = "<group>"; };
/* End PBXFileReference section */

/* Begin PBXFrameworksBuildPhase section */
		89B0A6A0195BB80B0092FC97 /* Frameworks */ = {
			isa = PBXFrameworksBuildPhase;
			buildActionMask = 2147483647;
			files = (
				89DC8075198779F800CC6FE8 /* Tourbillon.framework in Frameworks */,
				891F1F851963AFEF00796F46 /* QuartzCore.framework in Frameworks */,
				89B0A6A7195BB80B0092FC97 /* Cocoa.framework in Frameworks */,
			);
			runOnlyForDeploymentPostprocessing = 0;
		};
		89B0A6C1195BB80C0092FC97 /* Frameworks */ = {
			isa = PBXFrameworksBuildPhase;
			buildActionMask = 2147483647;
			files = (
				89B0A6C7195BB80C0092FC97 /* Cocoa.framework in Frameworks */,
				89B0A6C6195BB80C0092FC97 /* XCTest.framework in Frameworks */,
			);
			runOnlyForDeploymentPostprocessing = 0;
		};
/* End PBXFrameworksBuildPhase section */

/* Begin PBXGroup section */
		892C0272198897CB000694F4 /* EditTool */ = {
			isa = PBXGroup;
			children = (
				892EB24F195BF906004CE94A /* DCImageEditTool.h */,
				892EB256195BF906004CE94A /* DCImageEditTool.m */,
				892EB254195BF906004CE94A /* DCImageCropTool.h */,
				892EB255195BF906004CE94A /* DCImageCropTool.m */,
				89E41BCB1966CCFE00637AB2 /* DCImageCropTool+Responder.h */,
				89E41BCC1966CCFE00637AB2 /* DCImageCropTool+Responder.m */,
				89347B271964F37700BCD74C /* DCImageCropTool+ActionList.h */,
				89347B281964F37700BCD74C /* DCImageCropTool+ActionList.m */,
				892EB257195BF906004CE94A /* DCImageRotateTool.h */,
				892EB258195BF906004CE94A /* DCImageRotateTool.m */,
			);
			name = EditTool;
			sourceTree = "<group>";
		};
		8948EB35198110C2006FC2C6 /* Products */ = {
			isa = PBXGroup;
			children = (
				8948EB3C198110C3006FC2C6 /* Tourbillon.framework */,
				8948EB3E198110C3006FC2C6 /* TourbillonTests.xctest */,
				8948EB40198110C3006FC2C6 /* libTourbillon-iOS.a */,
				8948EB42198110C3006FC2C6 /* Tourbillon-iOSTests.xctest */,
			);
			name = Products;
			sourceTree = "<group>";
		};
		89B0A69A195BB80B0092FC97 = {
			isa = PBXGroup;
			children = (
				8948EB34198110C2006FC2C6 /* Tourbillon.xcodeproj */,
				89B0A6AC195BB80B0092FC97 /* LampLighter */,
				89B0A6CA195BB80C0092FC97 /* LampLighterTests */,
				89B0A6A5195BB80B0092FC97 /* Frameworks */,
				89B0A6A4195BB80B0092FC97 /* Products */,
			);
			sourceTree = "<group>";
		};
		89B0A6A4195BB80B0092FC97 /* Products */ = {
			isa = PBXGroup;
			children = (
				89B0A6A3195BB80B0092FC97 /* LampLighter.app */,
				89B0A6C4195BB80C0092FC97 /* LampLighterTests.xctest */,
			);
			name = Products;
			sourceTree = "<group>";
		};
		89B0A6A5195BB80B0092FC97 /* Frameworks */ = {
			isa = PBXGroup;
			children = (
				891F1F841963AFEF00796F46 /* QuartzCore.framework */,
				89B0A6A6195BB80B0092FC97 /* Cocoa.framework */,
				89B0A6C5195BB80C0092FC97 /* XCTest.framework */,
				89B0A6A8195BB80B0092FC97 /* Other Frameworks */,
			);
			name = Frameworks;
			sourceTree = "<group>";
		};
		89B0A6A8195BB80B0092FC97 /* Other Frameworks */ = {
			isa = PBXGroup;
			children = (
				89B0A6A9195BB80B0092FC97 /* AppKit.framework */,
				89B0A6AA195BB80B0092FC97 /* CoreData.framework */,
				89B0A6AB195BB80B0092FC97 /* Foundation.framework */,
			);
			name = "Other Frameworks";
			sourceTree = "<group>";
		};
		89B0A6AC195BB80B0092FC97 /* LampLighter */ = {
			isa = PBXGroup;
			children = (
				892C0272198897CB000694F4 /* EditTool */,
				89B0A6E6195BB84E0092FC97 /* DCEditableImage.h */,
				89B0A6E5195BB84E0092FC97 /* DCEditableImage.m */,
				8917D751196B72420082089A /* DCImageEditScene.h */,
				8917D752196B72420082089A /* DCImageEditScene.m */,
				892EB250195BF906004CE94A /* DCImageEditView.h */,
				892EB251195BF906004CE94A /* DCImageEditView.m */,
				892EB252195BF906004CE94A /* DCImageEditViewController.h */,
				892EB253195BF906004CE94A /* DCImageEditViewController.m */,
				892EB25E195BF916004CE94A /* DCImageEditViewController.xib */,
				89B0A6B8195BB80B0092FC97 /* DCAppDelegate.h */,
				89B0A6B9195BB80B0092FC97 /* DCAppDelegate.m */,
				89B0A6BB195BB80C0092FC97 /* MainMenu.xib */,
				89B0A6BE195BB80C0092FC97 /* Images.xcassets */,
				89CA25821962F32900471681 /* Beauty.jpg */,
				89B0A6AD195BB80B0092FC97 /* Supporting Files */,
			);
			path = LampLighter;
			sourceTree = "<group>";
		};
		89B0A6AD195BB80B0092FC97 /* Supporting Files */ = {
			isa = PBXGroup;
			children = (
				89B0A6AE195BB80B0092FC97 /* LampLighter-Info.plist */,
				89B0A6AF195BB80B0092FC97 /* InfoPlist.strings */,
				89B0A6B2195BB80B0092FC97 /* main.m */,
				89B0A6B4195BB80B0092FC97 /* LampLighter-Prefix.pch */,
				89B0A6B5195BB80B0092FC97 /* Credits.rtf */,
			);
			name = "Supporting Files";
			sourceTree = "<group>";
		};
		89B0A6CA195BB80C0092FC97 /* LampLighterTests */ = {
			isa = PBXGroup;
			children = (
				89B0A6D0195BB80C0092FC97 /* LampLighterTests.m */,
				89B0A6CB195BB80C0092FC97 /* Supporting Files */,
			);
			path = LampLighterTests;
			sourceTree = "<group>";
		};
		89B0A6CB195BB80C0092FC97 /* Supporting Files */ = {
			isa = PBXGroup;
			children = (
				89B0A6CC195BB80C0092FC97 /* LampLighterTests-Info.plist */,
				89B0A6CD195BB80C0092FC97 /* InfoPlist.strings */,
			);
			name = "Supporting Files";
			sourceTree = "<group>";
		};
/* End PBXGroup section */

/* Begin PBXNativeTarget section */
		89B0A6A2195BB80B0092FC97 /* LampLighter */ = {
			isa = PBXNativeTarget;
			buildConfigurationList = 89B0A6D4195BB80C0092FC97 /* Build configuration list for PBXNativeTarget "LampLighter" */;
			buildPhases = (
				89B0A69F195BB80B0092FC97 /* Sources */,
				89B0A6A0195BB80B0092FC97 /* Frameworks */,
				89B0A6A1195BB80B0092FC97 /* Resources */,
			);
			buildRules = (
			);
			dependencies = (
				89DC8070198779F500CC6FE8 /* PBXTargetDependency */,
			);
			name = LampLighter;
			productName = LampLighter;
			productReference = 89B0A6A3195BB80B0092FC97 /* LampLighter.app */;
			productType = "com.apple.product-type.application";
		};
		89B0A6C3195BB80C0092FC97 /* LampLighterTests */ = {
			isa = PBXNativeTarget;
			buildConfigurationList = 89B0A6D7195BB80C0092FC97 /* Build configuration list for PBXNativeTarget "LampLighterTests" */;
			buildPhases = (
				89B0A6C0195BB80C0092FC97 /* Sources */,
				89B0A6C1195BB80C0092FC97 /* Frameworks */,
				89B0A6C2195BB80C0092FC97 /* Resources */,
			);
			buildRules = (
			);
			dependencies = (
				89B0A6C9195BB80C0092FC97 /* PBXTargetDependency */,
			);
			name = LampLighterTests;
			productName = LampLighterTests;
			productReference = 89B0A6C4195BB80C0092FC97 /* LampLighterTests.xctest */;
			productType = "com.apple.product-type.bundle.unit-test";
		};
/* End PBXNativeTarget section */

/* Begin PBXProject section */
		89B0A69B195BB80B0092FC97 /* Project object */ = {
			isa = PBXProject;
			attributes = {
				CLASSPREFIX = DC;
				LastUpgradeCheck = 0510;
				ORGANIZATIONNAME = "Derek Chen";
				TargetAttributes = {
					89B0A6C3195BB80C0092FC97 = {
						TestTargetID = 89B0A6A2195BB80B0092FC97;
					};
				};
			};
			buildConfigurationList = 89B0A69E195BB80B0092FC97 /* Build configuration list for PBXProject "LampLighter" */;
			compatibilityVersion = "Xcode 3.2";
			developmentRegion = English;
			hasScannedForEncodings = 0;
			knownRegions = (
				en,
				Base,
			);
			mainGroup = 89B0A69A195BB80B0092FC97;
			productRefGroup = 89B0A6A4195BB80B0092FC97 /* Products */;
			projectDirPath = "";
			projectReferences = (
				{
					ProductGroup = 8948EB35198110C2006FC2C6 /* Products */;
					ProjectRef = 8948EB34198110C2006FC2C6 /* Tourbillon.xcodeproj */;
				},
			);
			projectRoot = "";
			targets = (
				89B0A6A2195BB80B0092FC97 /* LampLighter */,
				89B0A6C3195BB80C0092FC97 /* LampLighterTests */,
			);
		};
/* End PBXProject section */

/* Begin PBXReferenceProxy section */
		8948EB3C198110C3006FC2C6 /* Tourbillon.framework */ = {
			isa = PBXReferenceProxy;
			fileType = wrapper.framework;
			path = Tourbillon.framework;
			remoteRef = 8948EB3B198110C3006FC2C6 /* PBXContainerItemProxy */;
			sourceTree = BUILT_PRODUCTS_DIR;
		};
		8948EB3E198110C3006FC2C6 /* TourbillonTests.xctest */ = {
			isa = PBXReferenceProxy;
			fileType = wrapper.cfbundle;
			path = TourbillonTests.xctest;
			remoteRef = 8948EB3D198110C3006FC2C6 /* PBXContainerItemProxy */;
			sourceTree = BUILT_PRODUCTS_DIR;
		};
		8948EB40198110C3006FC2C6 /* libTourbillon-iOS.a */ = {
			isa = PBXReferenceProxy;
			fileType = archive.ar;
			path = "libTourbillon-iOS.a";
			remoteRef = 8948EB3F198110C3006FC2C6 /* PBXContainerItemProxy */;
			sourceTree = BUILT_PRODUCTS_DIR;
		};
		8948EB42198110C3006FC2C6 /* Tourbillon-iOSTests.xctest */ = {
			isa = PBXReferenceProxy;
			fileType = wrapper.cfbundle;
			path = "Tourbillon-iOSTests.xctest";
			remoteRef = 8948EB41198110C3006FC2C6 /* PBXContainerItemProxy */;
			sourceTree = BUILT_PRODUCTS_DIR;
		};
/* End PBXReferenceProxy section */

/* Begin PBXResourcesBuildPhase section */
		89B0A6A1195BB80B0092FC97 /* Resources */ = {
			isa = PBXResourcesBuildPhase;
			buildActionMask = 2147483647;
			files = (
				89B0A6B1195BB80B0092FC97 /* InfoPlist.strings in Resources */,
				89B0A6BF195BB80C0092FC97 /* Images.xcassets in Resources */,
				892EB25F195BF916004CE94A /* DCImageEditViewController.xib in Resources */,
				89CA25831962F32900471681 /* Beauty.jpg in Resources */,
				89B0A6B7195BB80B0092FC97 /* Credits.rtf in Resources */,
				89B0A6BD195BB80C0092FC97 /* MainMenu.xib in Resources */,
			);
			runOnlyForDeploymentPostprocessing = 0;
		};
		89B0A6C2195BB80C0092FC97 /* Resources */ = {
			isa = PBXResourcesBuildPhase;
			buildActionMask = 2147483647;
			files = (
				89B0A6CF195BB80C0092FC97 /* InfoPlist.strings in Resources */,
			);
			runOnlyForDeploymentPostprocessing = 0;
		};
/* End PBXResourcesBuildPhase section */

/* Begin PBXSourcesBuildPhase section */
		89B0A69F195BB80B0092FC97 /* Sources */ = {
			isa = PBXSourcesBuildPhase;
			buildActionMask = 2147483647;
			files = (
				892EB25C195BF906004CE94A /* DCImageEditTool.m in Sources */,
				892EB25A195BF906004CE94A /* DCImageEditViewController.m in Sources */,
				89B0A6ED195BB84E0092FC97 /* DCEditableImage.m in Sources */,
				89347B291964F37700BCD74C /* DCImageCropTool+ActionList.m in Sources */,
				892EB25B195BF906004CE94A /* DCImageCropTool.m in Sources */,
				89B0A6B3195BB80B0092FC97 /* main.m in Sources */,
				8917D753196B72420082089A /* DCImageEditScene.m in Sources */,
				892EB25D195BF906004CE94A /* DCImageRotateTool.m in Sources */,
				89E41BCD1966CCFE00637AB2 /* DCImageCropTool+Responder.m in Sources */,
				89B0A6BA195BB80B0092FC97 /* DCAppDelegate.m in Sources */,
				892EB259195BF906004CE94A /* DCImageEditView.m in Sources */,
			);
			runOnlyForDeploymentPostprocessing = 0;
		};
		89B0A6C0195BB80C0092FC97 /* Sources */ = {
			isa = PBXSourcesBuildPhase;
			buildActionMask = 2147483647;
			files = (
				89B0A6D1195BB80C0092FC97 /* LampLighterTests.m in Sources */,
			);
			runOnlyForDeploymentPostprocessing = 0;
		};
/* End PBXSourcesBuildPhase section */

/* Begin PBXTargetDependency section */
		89B0A6C9195BB80C0092FC97 /* PBXTargetDependency */ = {
			isa = PBXTargetDependency;
			target = 89B0A6A2195BB80B0092FC97 /* LampLighter */;
			targetProxy = 89B0A6C8195BB80C0092FC97 /* PBXContainerItemProxy */;
		};
		89DC8070198779F500CC6FE8 /* PBXTargetDependency */ = {
			isa = PBXTargetDependency;
			name = Tourbillon;
			targetProxy = 89DC806F198779F500CC6FE8 /* PBXContainerItemProxy */;
		};
/* End PBXTargetDependency section */

/* Begin PBXVariantGroup section */
		89B0A6AF195BB80B0092FC97 /* InfoPlist.strings */ = {
			isa = PBXVariantGroup;
			children = (
				89B0A6B0195BB80B0092FC97 /* en */,
			);
			name = InfoPlist.strings;
			sourceTree = "<group>";
		};
		89B0A6B5195BB80B0092FC97 /* Credits.rtf */ = {
			isa = PBXVariantGroup;
			children = (
				89B0A6B6195BB80B0092FC97 /* en */,
			);
			name = Credits.rtf;
			sourceTree = "<group>";
		};
		89B0A6BB195BB80C0092FC97 /* MainMenu.xib */ = {
			isa = PBXVariantGroup;
			children = (
				89B0A6BC195BB80C0092FC97 /* Base */,
			);
			name = MainMenu.xib;
			sourceTree = "<group>";
		};
		89B0A6CD195BB80C0092FC97 /* InfoPlist.strings */ = {
			isa = PBXVariantGroup;
			children = (
				89B0A6CE195BB80C0092FC97 /* en */,
			);
			name = InfoPlist.strings;
			sourceTree = "<group>";
		};
/* End PBXVariantGroup section */

/* Begin XCBuildConfiguration section */
		89B0A6D2195BB80C0092FC97 /* Debug */ = {
			isa = XCBuildConfiguration;
			buildSettings = {
				ALWAYS_SEARCH_USER_PATHS = NO;
				CLANG_CXX_LANGUAGE_STANDARD = "gnu++0x";
				CLANG_CXX_LIBRARY = "libc++";
				CLANG_ENABLE_MODULES = YES;
				CLANG_ENABLE_OBJC_ARC = YES;
				CLANG_WARN_BOOL_CONVERSION = YES;
				CLANG_WARN_CONSTANT_CONVERSION = YES;
				CLANG_WARN_DIRECT_OBJC_ISA_USAGE = YES_ERROR;
				CLANG_WARN_EMPTY_BODY = YES;
				CLANG_WARN_ENUM_CONVERSION = YES;
				CLANG_WARN_INT_CONVERSION = YES;
				CLANG_WARN_OBJC_ROOT_CLASS = YES_ERROR;
				CLANG_WARN__DUPLICATE_METHOD_MATCH = YES;
				COPY_PHASE_STRIP = NO;
				GCC_C_LANGUAGE_STANDARD = gnu99;
				GCC_DYNAMIC_NO_PIC = NO;
				GCC_ENABLE_OBJC_EXCEPTIONS = YES;
				GCC_OPTIMIZATION_LEVEL = 0;
				GCC_PREPROCESSOR_DEFINITIONS = (
					"DEBUG=1",
					"$(inherited)",
				);
				GCC_SYMBOLS_PRIVATE_EXTERN = NO;
				GCC_WARN_64_TO_32_BIT_CONVERSION = YES;
				GCC_WARN_ABOUT_RETURN_TYPE = YES_ERROR;
				GCC_WARN_UNDECLARED_SELECTOR = YES;
				GCC_WARN_UNINITIALIZED_AUTOS = YES_AGGRESSIVE;
				GCC_WARN_UNUSED_FUNCTION = YES;
				GCC_WARN_UNUSED_VARIABLE = YES;
				MACOSX_DEPLOYMENT_TARGET = 10.9;
				ONLY_ACTIVE_ARCH = YES;
				SDKROOT = macosx;
			};
			name = Debug;
		};
		89B0A6D3195BB80C0092FC97 /* Release */ = {
			isa = XCBuildConfiguration;
			buildSettings = {
				ALWAYS_SEARCH_USER_PATHS = NO;
				CLANG_CXX_LANGUAGE_STANDARD = "gnu++0x";
				CLANG_CXX_LIBRARY = "libc++";
				CLANG_ENABLE_MODULES = YES;
				CLANG_ENABLE_OBJC_ARC = YES;
				CLANG_WARN_BOOL_CONVERSION = YES;
				CLANG_WARN_CONSTANT_CONVERSION = YES;
				CLANG_WARN_DIRECT_OBJC_ISA_USAGE = YES_ERROR;
				CLANG_WARN_EMPTY_BODY = YES;
				CLANG_WARN_ENUM_CONVERSION = YES;
				CLANG_WARN_INT_CONVERSION = YES;
				CLANG_WARN_OBJC_ROOT_CLASS = YES_ERROR;
				CLANG_WARN__DUPLICATE_METHOD_MATCH = YES;
				COPY_PHASE_STRIP = YES;
				DEBUG_INFORMATION_FORMAT = "dwarf-with-dsym";
				ENABLE_NS_ASSERTIONS = NO;
				GCC_C_LANGUAGE_STANDARD = gnu99;
				GCC_ENABLE_OBJC_EXCEPTIONS = YES;
				GCC_WARN_64_TO_32_BIT_CONVERSION = YES;
				GCC_WARN_ABOUT_RETURN_TYPE = YES_ERROR;
				GCC_WARN_UNDECLARED_SELECTOR = YES;
				GCC_WARN_UNINITIALIZED_AUTOS = YES_AGGRESSIVE;
				GCC_WARN_UNUSED_FUNCTION = YES;
				GCC_WARN_UNUSED_VARIABLE = YES;
				MACOSX_DEPLOYMENT_TARGET = 10.9;
				SDKROOT = macosx;
			};
			name = Release;
		};
		89B0A6D5195BB80C0092FC97 /* Debug */ = {
			isa = XCBuildConfiguration;
			buildSettings = {
				ALWAYS_SEARCH_USER_PATHS = YES;
				ASSETCATALOG_COMPILER_APPICON_NAME = AppIcon;
				COMBINE_HIDPI_IMAGES = YES;
				FRAMEWORK_SEARCH_PATHS = "$(inherited)";
				GCC_PRECOMPILE_PREFIX_HEADER = YES;
				GCC_PREFIX_HEADER = "LampLighter/LampLighter-Prefix.pch";
				INFOPLIST_FILE = "LampLighter/LampLighter-Info.plist";
				PRODUCT_NAME = "$(TARGET_NAME)";
				WRAPPER_EXTENSION = app;
			};
			name = Debug;
		};
		89B0A6D6195BB80C0092FC97 /* Release */ = {
			isa = XCBuildConfiguration;
			buildSettings = {
				ALWAYS_SEARCH_USER_PATHS = YES;
				ASSETCATALOG_COMPILER_APPICON_NAME = AppIcon;
				COMBINE_HIDPI_IMAGES = YES;
				FRAMEWORK_SEARCH_PATHS = "$(inherited)";
				GCC_PRECOMPILE_PREFIX_HEADER = YES;
				GCC_PREFIX_HEADER = "LampLighter/LampLighter-Prefix.pch";
				INFOPLIST_FILE = "LampLighter/LampLighter-Info.plist";
				PRODUCT_NAME = "$(TARGET_NAME)";
				WRAPPER_EXTENSION = app;
			};
			name = Release;
		};
		89B0A6D8195BB80C0092FC97 /* Debug */ = {
			isa = XCBuildConfiguration;
			buildSettings = {
				BUNDLE_LOADER = "$(BUILT_PRODUCTS_DIR)/LampLighter.app/Contents/MacOS/LampLighter";
				COMBINE_HIDPI_IMAGES = YES;
				FRAMEWORK_SEARCH_PATHS = (
					"$(DEVELOPER_FRAMEWORKS_DIR)",
					"$(inherited)",
				);
				GCC_PRECOMPILE_PREFIX_HEADER = YES;
				GCC_PREFIX_HEADER = "LampLighter/LampLighter-Prefix.pch";
				GCC_PREPROCESSOR_DEFINITIONS = (
					"DEBUG=1",
					"$(inherited)",
				);
				INFOPLIST_FILE = "LampLighterTests/LampLighterTests-Info.plist";
				PRODUCT_NAME = "$(TARGET_NAME)";
				TEST_HOST = "$(BUNDLE_LOADER)";
				WRAPPER_EXTENSION = xctest;
			};
			name = Debug;
		};
		89B0A6D9195BB80C0092FC97 /* Release */ = {
			isa = XCBuildConfiguration;
			buildSettings = {
				BUNDLE_LOADER = "$(BUILT_PRODUCTS_DIR)/LampLighter.app/Contents/MacOS/LampLighter";
				COMBINE_HIDPI_IMAGES = YES;
				FRAMEWORK_SEARCH_PATHS = (
					"$(DEVELOPER_FRAMEWORKS_DIR)",
					"$(inherited)",
				);
				GCC_PRECOMPILE_PREFIX_HEADER = YES;
				GCC_PREFIX_HEADER = "LampLighter/LampLighter-Prefix.pch";
				INFOPLIST_FILE = "LampLighterTests/LampLighterTests-Info.plist";
				PRODUCT_NAME = "$(TARGET_NAME)";
				TEST_HOST = "$(BUNDLE_LOADER)";
				WRAPPER_EXTENSION = xctest;
			};
			name = Release;
		};
/* End XCBuildConfiguration section */

/* Begin XCConfigurationList section */
		89B0A69E195BB80B0092FC97 /* Build configuration list for PBXProject "LampLighter" */ = {
			isa = XCConfigurationList;
			buildConfigurations = (
				89B0A6D2195BB80C0092FC97 /* Debug */,
				89B0A6D3195BB80C0092FC97 /* Release */,
			);
			defaultConfigurationIsVisible = 0;
			defaultConfigurationName = Release;
		};
		89B0A6D4195BB80C0092FC97 /* Build configuration list for PBXNativeTarget "LampLighter" */ = {
			isa = XCConfigurationList;
			buildConfigurations = (
				89B0A6D5195BB80C0092FC97 /* Debug */,
				89B0A6D6195BB80C0092FC97 /* Release */,
			);
			defaultConfigurationIsVisible = 0;
			defaultConfigurationName = Release;
		};
		89B0A6D7195BB80C0092FC97 /* Build configuration list for PBXNativeTarget "LampLighterTests" */ = {
			isa = XCConfigurationList;
			buildConfigurations = (
				89B0A6D8195BB80C0092FC97 /* Debug */,
				89B0A6D9195BB80C0092FC97 /* Release */,
			);
			defaultConfigurationIsVisible = 0;
			defaultConfigurationName = Release;
		};
/* End XCConfigurationList section */
	};
	rootObject = 89B0A69B195BB80B0092FC97 /* Project object */;
}
