<?xml version="1.0" encoding="UTF-8"?>
<!DOCTYPE plist PUBLIC "-//Apple//DTD PLIST 1.0//EN" "http://www.apple.com/DTDs/PropertyList-1.0.dtd">
<plist version="1.0">
<dict>
	<key>archiveVersion</key>
	<string>1</string>
	<key>classes</key>
	<dict/>
	<key>objectVersion</key>
	<string>46</string>
	<key>objects</key>
	<dict>
		<key>0068003CB94746E2855BA4B0</key>
		<dict>
			<key>fileRef</key>
			<string>F788FA6BD4A54A56B7E24C4B</string>
			<key>isa</key>
			<string>PBXBuildFile</string>
		</dict>
		<key>3D1D37A0B56E4397845CD567</key>
		<dict>
			<key>buildActionMask</key>
			<string>2147483647</string>
			<key>files</key>
			<array/>
			<key>inputPaths</key>
			<array/>
			<key>isa</key>
			<string>PBXShellScriptBuildPhase</string>
			<key>name</key>
			<string>Check Pods Manifest.lock</string>
			<key>outputPaths</key>
			<array/>
			<key>runOnlyForDeploymentPostprocessing</key>
			<string>0</string>
			<key>shellPath</key>
			<string>/bin/sh</string>
			<key>shellScript</key>
			<string>diff "${PODS_ROOT}/../Podfile.lock" "${PODS_ROOT}/Manifest.lock" &gt; /dev/null
if [[ $? != 0 ]] ; then
    cat &lt;&lt; EOM
error: The sandbox is not in sync with the Podfile.lock. Run 'pod install' or update your CocoaPods installation.
EOM
    exit 1
fi
</string>
			<key>showEnvVarsInLog</key>
			<string>0</string>
		</dict>
		<key>42414417D46648CE823D1323</key>
		<dict>
			<key>buildActionMask</key>
			<string>2147483647</string>
			<key>files</key>
			<array/>
			<key>inputPaths</key>
			<array/>
			<key>isa</key>
			<string>PBXShellScriptBuildPhase</string>
			<key>name</key>
			<string>Copy Pods Resources</string>
			<key>outputPaths</key>
			<array/>
			<key>runOnlyForDeploymentPostprocessing</key>
			<string>0</string>
			<key>shellPath</key>
			<string>/bin/sh</string>
			<key>shellScript</key>
			<string>"${SRCROOT}/Pods/Pods-LampLighter-resources.sh"
</string>
			<key>showEnvVarsInLog</key>
			<string>0</string>
		</dict>
		<key>7ED23F8C1D3143BCB2C6EBBB</key>
		<dict>
			<key>includeInIndex</key>
			<string>1</string>
			<key>isa</key>
			<string>PBXFileReference</string>
			<key>lastKnownFileType</key>
			<string>text.xcconfig</string>
			<key>name</key>
			<string>Pods-LampLighterTests.xcconfig</string>
			<key>path</key>
			<string>Pods/Pods-LampLighterTests.xcconfig</string>
			<key>sourceTree</key>
			<string>&lt;group&gt;</string>
		</dict>
		<key>8400EBB764804F908F00136D</key>
		<dict>
			<key>fileRef</key>
			<string>A22E25D770CE495F9DCCB880</string>
			<key>isa</key>
			<string>PBXBuildFile</string>
		</dict>
		<key>8917D751196B72420082089A</key>
		<dict>
			<key>fileEncoding</key>
			<string>4</string>
			<key>isa</key>
			<string>PBXFileReference</string>
			<key>lastKnownFileType</key>
			<string>sourcecode.c.h</string>
			<key>path</key>
			<string>DCImageEditScene.h</string>
			<key>sourceTree</key>
			<string>&lt;group&gt;</string>
		</dict>
		<key>8917D752196B72420082089A</key>
		<dict>
			<key>fileEncoding</key>
			<string>4</string>
			<key>isa</key>
			<string>PBXFileReference</string>
			<key>lastKnownFileType</key>
			<string>sourcecode.c.objc</string>
			<key>path</key>
			<string>DCImageEditScene.m</string>
			<key>sourceTree</key>
			<string>&lt;group&gt;</string>
		</dict>
		<key>8917D753196B72420082089A</key>
		<dict>
			<key>fileRef</key>
			<string>8917D752196B72420082089A</string>
			<key>isa</key>
			<string>PBXBuildFile</string>
		</dict>
		<key>891F1F841963AFEF00796F46</key>
		<dict>
			<key>isa</key>
			<string>PBXFileReference</string>
			<key>lastKnownFileType</key>
			<string>wrapper.framework</string>
			<key>name</key>
			<string>QuartzCore.framework</string>
			<key>path</key>
			<string>System/Library/Frameworks/QuartzCore.framework</string>
			<key>sourceTree</key>
			<string>SDKROOT</string>
		</dict>
		<key>891F1F851963AFEF00796F46</key>
		<dict>
			<key>fileRef</key>
			<string>891F1F841963AFEF00796F46</string>
			<key>isa</key>
			<string>PBXBuildFile</string>
		</dict>
		<key>892C0272198897CB000694F4</key>
		<dict>
			<key>children</key>
			<array>
				<string>892EB24F195BF906004CE94A</string>
				<string>892EB256195BF906004CE94A</string>
				<string>892EB254195BF906004CE94A</string>
				<string>892EB255195BF906004CE94A</string>
				<string>89E41BCB1966CCFE00637AB2</string>
				<string>89E41BCC1966CCFE00637AB2</string>
				<string>89347B271964F37700BCD74C</string>
				<string>89347B281964F37700BCD74C</string>
				<string>892EB257195BF906004CE94A</string>
				<string>892EB258195BF906004CE94A</string>
			</array>
			<key>isa</key>
			<string>PBXGroup</string>
			<key>name</key>
			<string>EditTool</string>
			<key>sourceTree</key>
			<string>&lt;group&gt;</string>
		</dict>
		<key>892EB24F195BF906004CE94A</key>
		<dict>
			<key>fileEncoding</key>
			<string>4</string>
			<key>isa</key>
			<string>PBXFileReference</string>
			<key>lastKnownFileType</key>
			<string>sourcecode.c.h</string>
			<key>path</key>
			<string>DCImageEditTool.h</string>
			<key>sourceTree</key>
			<string>&lt;group&gt;</string>
		</dict>
		<key>892EB250195BF906004CE94A</key>
		<dict>
			<key>fileEncoding</key>
			<string>4</string>
			<key>isa</key>
			<string>PBXFileReference</string>
			<key>lastKnownFileType</key>
			<string>sourcecode.c.h</string>
			<key>path</key>
			<string>DCImageEditView.h</string>
			<key>sourceTree</key>
			<string>&lt;group&gt;</string>
		</dict>
		<key>892EB251195BF906004CE94A</key>
		<dict>
			<key>fileEncoding</key>
			<string>4</string>
			<key>isa</key>
			<string>PBXFileReference</string>
			<key>lastKnownFileType</key>
			<string>sourcecode.c.objc</string>
			<key>path</key>
			<string>DCImageEditView.m</string>
			<key>sourceTree</key>
			<string>&lt;group&gt;</string>
		</dict>
		<key>892EB252195BF906004CE94A</key>
		<dict>
			<key>fileEncoding</key>
			<string>4</string>
			<key>isa</key>
			<string>PBXFileReference</string>
			<key>lastKnownFileType</key>
			<string>sourcecode.c.h</string>
			<key>path</key>
			<string>DCImageEditViewController.h</string>
			<key>sourceTree</key>
			<string>&lt;group&gt;</string>
		</dict>
		<key>892EB253195BF906004CE94A</key>
		<dict>
			<key>fileEncoding</key>
			<string>4</string>
			<key>isa</key>
			<string>PBXFileReference</string>
			<key>lastKnownFileType</key>
			<string>sourcecode.c.objc</string>
			<key>path</key>
			<string>DCImageEditViewController.m</string>
			<key>sourceTree</key>
			<string>&lt;group&gt;</string>
		</dict>
		<key>892EB254195BF906004CE94A</key>
		<dict>
			<key>fileEncoding</key>
			<string>4</string>
			<key>isa</key>
			<string>PBXFileReference</string>
			<key>lastKnownFileType</key>
			<string>sourcecode.c.h</string>
			<key>path</key>
			<string>DCImageCropTool.h</string>
			<key>sourceTree</key>
			<string>&lt;group&gt;</string>
		</dict>
		<key>892EB255195BF906004CE94A</key>
		<dict>
			<key>fileEncoding</key>
			<string>4</string>
			<key>isa</key>
			<string>PBXFileReference</string>
			<key>lastKnownFileType</key>
			<string>sourcecode.c.objc</string>
			<key>path</key>
			<string>DCImageCropTool.m</string>
			<key>sourceTree</key>
			<string>&lt;group&gt;</string>
		</dict>
		<key>892EB256195BF906004CE94A</key>
		<dict>
			<key>fileEncoding</key>
			<string>4</string>
			<key>isa</key>
			<string>PBXFileReference</string>
			<key>lastKnownFileType</key>
			<string>sourcecode.c.objc</string>
			<key>path</key>
			<string>DCImageEditTool.m</string>
			<key>sourceTree</key>
			<string>&lt;group&gt;</string>
		</dict>
		<key>892EB257195BF906004CE94A</key>
		<dict>
			<key>fileEncoding</key>
			<string>4</string>
			<key>isa</key>
			<string>PBXFileReference</string>
			<key>lastKnownFileType</key>
			<string>sourcecode.c.h</string>
			<key>path</key>
			<string>DCImageRotateTool.h</string>
			<key>sourceTree</key>
			<string>&lt;group&gt;</string>
		</dict>
		<key>892EB258195BF906004CE94A</key>
		<dict>
			<key>fileEncoding</key>
			<string>4</string>
			<key>isa</key>
			<string>PBXFileReference</string>
			<key>lastKnownFileType</key>
			<string>sourcecode.c.objc</string>
			<key>path</key>
			<string>DCImageRotateTool.m</string>
			<key>sourceTree</key>
			<string>&lt;group&gt;</string>
		</dict>
		<key>892EB259195BF906004CE94A</key>
		<dict>
			<key>fileRef</key>
			<string>892EB251195BF906004CE94A</string>
			<key>isa</key>
			<string>PBXBuildFile</string>
		</dict>
		<key>892EB25A195BF906004CE94A</key>
		<dict>
			<key>fileRef</key>
			<string>892EB253195BF906004CE94A</string>
			<key>isa</key>
			<string>PBXBuildFile</string>
		</dict>
		<key>892EB25B195BF906004CE94A</key>
		<dict>
			<key>fileRef</key>
			<string>892EB255195BF906004CE94A</string>
			<key>isa</key>
			<string>PBXBuildFile</string>
		</dict>
		<key>892EB25C195BF906004CE94A</key>
		<dict>
			<key>fileRef</key>
			<string>892EB256195BF906004CE94A</string>
			<key>isa</key>
			<string>PBXBuildFile</string>
		</dict>
		<key>892EB25D195BF906004CE94A</key>
		<dict>
			<key>fileRef</key>
			<string>892EB258195BF906004CE94A</string>
			<key>isa</key>
			<string>PBXBuildFile</string>
		</dict>
		<key>892EB25E195BF916004CE94A</key>
		<dict>
			<key>fileEncoding</key>
			<string>4</string>
			<key>isa</key>
			<string>PBXFileReference</string>
			<key>lastKnownFileType</key>
			<string>file.xib</string>
			<key>path</key>
			<string>DCImageEditViewController.xib</string>
			<key>sourceTree</key>
			<string>&lt;group&gt;</string>
		</dict>
		<key>892EB25F195BF916004CE94A</key>
		<dict>
			<key>fileRef</key>
			<string>892EB25E195BF916004CE94A</string>
			<key>isa</key>
			<string>PBXBuildFile</string>
		</dict>
		<key>89347B271964F37700BCD74C</key>
		<dict>
			<key>fileEncoding</key>
			<string>4</string>
			<key>isa</key>
			<string>PBXFileReference</string>
			<key>lastKnownFileType</key>
			<string>sourcecode.c.h</string>
			<key>path</key>
			<string>DCImageCropTool+ActionList.h</string>
			<key>sourceTree</key>
			<string>&lt;group&gt;</string>
		</dict>
		<key>89347B281964F37700BCD74C</key>
		<dict>
			<key>fileEncoding</key>
			<string>4</string>
			<key>isa</key>
			<string>PBXFileReference</string>
			<key>lastKnownFileType</key>
			<string>sourcecode.c.objc</string>
			<key>path</key>
			<string>DCImageCropTool+ActionList.m</string>
			<key>sourceTree</key>
			<string>&lt;group&gt;</string>
		</dict>
		<key>89347B291964F37700BCD74C</key>
		<dict>
			<key>fileRef</key>
			<string>89347B281964F37700BCD74C</string>
			<key>isa</key>
			<string>PBXBuildFile</string>
		</dict>
		<key>89B0A69A195BB80B0092FC97</key>
		<dict>
			<key>children</key>
			<array>
				<string>89B0A6AC195BB80B0092FC97</string>
				<string>89B0A6CA195BB80C0092FC97</string>
				<string>89B0A6A5195BB80B0092FC97</string>
				<string>89B0A6A4195BB80B0092FC97</string>
				<string>9CA20F53E57E4DA3917AE6B4</string>
				<string>7ED23F8C1D3143BCB2C6EBBB</string>
			</array>
			<key>isa</key>
			<string>PBXGroup</string>
			<key>sourceTree</key>
			<string>&lt;group&gt;</string>
		</dict>
		<key>89B0A69B195BB80B0092FC97</key>
		<dict>
			<key>attributes</key>
			<dict>
				<key>CLASSPREFIX</key>
				<string>DC</string>
				<key>LastUpgradeCheck</key>
				<string>0510</string>
				<key>ORGANIZATIONNAME</key>
				<string>Derek Chen</string>
				<key>TargetAttributes</key>
				<dict>
					<key>89B0A6C3195BB80C0092FC97</key>
					<dict>
						<key>TestTargetID</key>
						<string>89B0A6A2195BB80B0092FC97</string>
					</dict>
				</dict>
			</dict>
			<key>buildConfigurationList</key>
			<string>89B0A69E195BB80B0092FC97</string>
			<key>compatibilityVersion</key>
			<string>Xcode 3.2</string>
			<key>developmentRegion</key>
			<string>English</string>
			<key>hasScannedForEncodings</key>
			<string>0</string>
			<key>isa</key>
			<string>PBXProject</string>
			<key>knownRegions</key>
			<array>
				<string>en</string>
				<string>Base</string>
			</array>
			<key>mainGroup</key>
			<string>89B0A69A195BB80B0092FC97</string>
			<key>productRefGroup</key>
			<string>89B0A6A4195BB80B0092FC97</string>
			<key>projectDirPath</key>
			<string></string>
			<key>projectReferences</key>
			<array/>
			<key>projectRoot</key>
			<string></string>
			<key>targets</key>
			<array>
				<string>89B0A6A2195BB80B0092FC97</string>
				<string>89B0A6C3195BB80C0092FC97</string>
			</array>
		</dict>
		<key>89B0A69E195BB80B0092FC97</key>
		<dict>
			<key>buildConfigurations</key>
			<array>
				<string>89B0A6D2195BB80C0092FC97</string>
				<string>89B0A6D3195BB80C0092FC97</string>
			</array>
			<key>defaultConfigurationIsVisible</key>
			<string>0</string>
			<key>defaultConfigurationName</key>
			<string>Release</string>
			<key>isa</key>
			<string>XCConfigurationList</string>
		</dict>
		<key>89B0A69F195BB80B0092FC97</key>
		<dict>
			<key>buildActionMask</key>
			<string>2147483647</string>
			<key>files</key>
			<array>
				<string>892EB25C195BF906004CE94A</string>
				<string>892EB25A195BF906004CE94A</string>
				<string>89B0A6ED195BB84E0092FC97</string>
				<string>89347B291964F37700BCD74C</string>
				<string>892EB25B195BF906004CE94A</string>
				<string>89B0A6B3195BB80B0092FC97</string>
				<string>8917D753196B72420082089A</string>
				<string>892EB25D195BF906004CE94A</string>
				<string>89E41BCD1966CCFE00637AB2</string>
				<string>89B0A6BA195BB80B0092FC97</string>
				<string>892EB259195BF906004CE94A</string>
			</array>
			<key>isa</key>
			<string>PBXSourcesBuildPhase</string>
			<key>runOnlyForDeploymentPostprocessing</key>
			<string>0</string>
		</dict>
		<key>89B0A6A0195BB80B0092FC97</key>
		<dict>
			<key>buildActionMask</key>
			<string>2147483647</string>
			<key>files</key>
			<array>
				<string>891F1F851963AFEF00796F46</string>
				<string>89B0A6A7195BB80B0092FC97</string>
				<string>0068003CB94746E2855BA4B0</string>
			</array>
			<key>isa</key>
			<string>PBXFrameworksBuildPhase</string>
			<key>runOnlyForDeploymentPostprocessing</key>
			<string>0</string>
		</dict>
		<key>89B0A6A1195BB80B0092FC97</key>
		<dict>
			<key>buildActionMask</key>
			<string>2147483647</string>
			<key>files</key>
			<array>
				<string>89B0A6B1195BB80B0092FC97</string>
				<string>89B0A6BF195BB80C0092FC97</string>
				<string>892EB25F195BF916004CE94A</string>
				<string>89CA25831962F32900471681</string>
				<string>89B0A6B7195BB80B0092FC97</string>
				<string>89B0A6BD195BB80C0092FC97</string>
			</array>
			<key>isa</key>
			<string>PBXResourcesBuildPhase</string>
			<key>runOnlyForDeploymentPostprocessing</key>
			<string>0</string>
		</dict>
		<key>89B0A6A2195BB80B0092FC97</key>
		<dict>
			<key>buildConfigurationList</key>
			<string>89B0A6D4195BB80C0092FC97</string>
			<key>buildPhases</key>
			<array>
				<string>99CDC4ADAFD248F6A28E2946</string>
				<string>89B0A69F195BB80B0092FC97</string>
				<string>89B0A6A0195BB80B0092FC97</string>
				<string>89B0A6A1195BB80B0092FC97</string>
				<string>42414417D46648CE823D1323</string>
			</array>
			<key>buildRules</key>
			<array/>
			<key>dependencies</key>
			<array/>
			<key>isa</key>
			<string>PBXNativeTarget</string>
			<key>name</key>
			<string>LampLighter</string>
			<key>productName</key>
			<string>LampLighter</string>
			<key>productReference</key>
			<string>89B0A6A3195BB80B0092FC97</string>
			<key>productType</key>
			<string>com.apple.product-type.application</string>
		</dict>
		<key>89B0A6A3195BB80B0092FC97</key>
		<dict>
			<key>explicitFileType</key>
			<string>wrapper.application</string>
			<key>includeInIndex</key>
			<string>0</string>
			<key>isa</key>
			<string>PBXFileReference</string>
			<key>path</key>
			<string>LampLighter.app</string>
			<key>sourceTree</key>
			<string>BUILT_PRODUCTS_DIR</string>
		</dict>
		<key>89B0A6A4195BB80B0092FC97</key>
		<dict>
			<key>children</key>
			<array>
				<string>89B0A6A3195BB80B0092FC97</string>
				<string>89B0A6C4195BB80C0092FC97</string>
			</array>
			<key>isa</key>
			<string>PBXGroup</string>
			<key>name</key>
			<string>Products</string>
			<key>sourceTree</key>
			<string>&lt;group&gt;</string>
		</dict>
		<key>89B0A6A5195BB80B0092FC97</key>
		<dict>
			<key>children</key>
			<array>
				<string>891F1F841963AFEF00796F46</string>
				<string>89B0A6A6195BB80B0092FC97</string>
				<string>89B0A6C5195BB80C0092FC97</string>
				<string>89B0A6A8195BB80B0092FC97</string>
				<string>F788FA6BD4A54A56B7E24C4B</string>
				<string>A22E25D770CE495F9DCCB880</string>
			</array>
			<key>isa</key>
			<string>PBXGroup</string>
			<key>name</key>
			<string>Frameworks</string>
			<key>sourceTree</key>
			<string>&lt;group&gt;</string>
		</dict>
		<key>89B0A6A6195BB80B0092FC97</key>
		<dict>
			<key>isa</key>
			<string>PBXFileReference</string>
			<key>lastKnownFileType</key>
			<string>wrapper.framework</string>
			<key>name</key>
			<string>Cocoa.framework</string>
			<key>path</key>
			<string>System/Library/Frameworks/Cocoa.framework</string>
			<key>sourceTree</key>
			<string>SDKROOT</string>
		</dict>
		<key>89B0A6A7195BB80B0092FC97</key>
		<dict>
			<key>fileRef</key>
			<string>89B0A6A6195BB80B0092FC97</string>
			<key>isa</key>
			<string>PBXBuildFile</string>
		</dict>
		<key>89B0A6A8195BB80B0092FC97</key>
		<dict>
			<key>children</key>
			<array>
				<string>89B0A6A9195BB80B0092FC97</string>
				<string>89B0A6AA195BB80B0092FC97</string>
				<string>89B0A6AB195BB80B0092FC97</string>
			</array>
			<key>isa</key>
			<string>PBXGroup</string>
			<key>name</key>
			<string>Other Frameworks</string>
			<key>sourceTree</key>
			<string>&lt;group&gt;</string>
		</dict>
		<key>89B0A6A9195BB80B0092FC97</key>
		<dict>
			<key>isa</key>
			<string>PBXFileReference</string>
			<key>lastKnownFileType</key>
			<string>wrapper.framework</string>
			<key>name</key>
			<string>AppKit.framework</string>
			<key>path</key>
			<string>System/Library/Frameworks/AppKit.framework</string>
			<key>sourceTree</key>
			<string>SDKROOT</string>
		</dict>
		<key>89B0A6AA195BB80B0092FC97</key>
		<dict>
			<key>isa</key>
			<string>PBXFileReference</string>
			<key>lastKnownFileType</key>
			<string>wrapper.framework</string>
			<key>name</key>
			<string>CoreData.framework</string>
			<key>path</key>
			<string>System/Library/Frameworks/CoreData.framework</string>
			<key>sourceTree</key>
			<string>SDKROOT</string>
		</dict>
		<key>89B0A6AB195BB80B0092FC97</key>
		<dict>
			<key>isa</key>
			<string>PBXFileReference</string>
			<key>lastKnownFileType</key>
			<string>wrapper.framework</string>
			<key>name</key>
			<string>Foundation.framework</string>
			<key>path</key>
			<string>System/Library/Frameworks/Foundation.framework</string>
			<key>sourceTree</key>
			<string>SDKROOT</string>
		</dict>
		<key>89B0A6AC195BB80B0092FC97</key>
		<dict>
			<key>children</key>
			<array>
				<string>892C0272198897CB000694F4</string>
				<string>89B0A6E6195BB84E0092FC97</string>
				<string>89B0A6E5195BB84E0092FC97</string>
				<string>8917D751196B72420082089A</string>
				<string>8917D752196B72420082089A</string>
				<string>892EB250195BF906004CE94A</string>
				<string>892EB251195BF906004CE94A</string>
				<string>892EB252195BF906004CE94A</string>
				<string>892EB253195BF906004CE94A</string>
				<string>892EB25E195BF916004CE94A</string>
				<string>89B0A6B8195BB80B0092FC97</string>
				<string>89B0A6B9195BB80B0092FC97</string>
				<string>89B0A6BB195BB80C0092FC97</string>
				<string>89B0A6BE195BB80C0092FC97</string>
				<string>89CA25821962F32900471681</string>
				<string>89B0A6AD195BB80B0092FC97</string>
			</array>
			<key>isa</key>
			<string>PBXGroup</string>
			<key>path</key>
			<string>LampLighter</string>
			<key>sourceTree</key>
			<string>&lt;group&gt;</string>
		</dict>
		<key>89B0A6AD195BB80B0092FC97</key>
		<dict>
			<key>children</key>
			<array>
				<string>89B0A6AE195BB80B0092FC97</string>
				<string>89B0A6AF195BB80B0092FC97</string>
				<string>89B0A6B2195BB80B0092FC97</string>
				<string>89B0A6B4195BB80B0092FC97</string>
				<string>89B0A6B5195BB80B0092FC97</string>
			</array>
			<key>isa</key>
			<string>PBXGroup</string>
			<key>name</key>
			<string>Supporting Files</string>
			<key>sourceTree</key>
			<string>&lt;group&gt;</string>
		</dict>
		<key>89B0A6AE195BB80B0092FC97</key>
		<dict>
			<key>isa</key>
			<string>PBXFileReference</string>
			<key>lastKnownFileType</key>
			<string>text.plist.xml</string>
			<key>path</key>
			<string>LampLighter-Info.plist</string>
			<key>sourceTree</key>
			<string>&lt;group&gt;</string>
		</dict>
		<key>89B0A6AF195BB80B0092FC97</key>
		<dict>
			<key>children</key>
			<array>
				<string>89B0A6B0195BB80B0092FC97</string>
			</array>
			<key>isa</key>
			<string>PBXVariantGroup</string>
			<key>name</key>
			<string>InfoPlist.strings</string>
			<key>sourceTree</key>
			<string>&lt;group&gt;</string>
		</dict>
		<key>89B0A6B0195BB80B0092FC97</key>
		<dict>
			<key>isa</key>
			<string>PBXFileReference</string>
			<key>lastKnownFileType</key>
			<string>text.plist.strings</string>
			<key>name</key>
			<string>en</string>
			<key>path</key>
			<string>en.lproj/InfoPlist.strings</string>
			<key>sourceTree</key>
			<string>&lt;group&gt;</string>
		</dict>
		<key>89B0A6B1195BB80B0092FC97</key>
		<dict>
			<key>fileRef</key>
			<string>89B0A6AF195BB80B0092FC97</string>
			<key>isa</key>
			<string>PBXBuildFile</string>
		</dict>
		<key>89B0A6B2195BB80B0092FC97</key>
		<dict>
			<key>isa</key>
			<string>PBXFileReference</string>
			<key>lastKnownFileType</key>
			<string>sourcecode.c.objc</string>
			<key>path</key>
			<string>main.m</string>
			<key>sourceTree</key>
			<string>&lt;group&gt;</string>
		</dict>
		<key>89B0A6B3195BB80B0092FC97</key>
		<dict>
			<key>fileRef</key>
			<string>89B0A6B2195BB80B0092FC97</string>
			<key>isa</key>
			<string>PBXBuildFile</string>
		</dict>
		<key>89B0A6B4195BB80B0092FC97</key>
		<dict>
			<key>isa</key>
			<string>PBXFileReference</string>
			<key>lastKnownFileType</key>
			<string>sourcecode.c.h</string>
			<key>path</key>
			<string>LampLighter-Prefix.pch</string>
			<key>sourceTree</key>
			<string>&lt;group&gt;</string>
		</dict>
		<key>89B0A6B5195BB80B0092FC97</key>
		<dict>
			<key>children</key>
			<array>
				<string>89B0A6B6195BB80B0092FC97</string>
			</array>
			<key>isa</key>
			<string>PBXVariantGroup</string>
			<key>name</key>
			<string>Credits.rtf</string>
			<key>sourceTree</key>
			<string>&lt;group&gt;</string>
		</dict>
		<key>89B0A6B6195BB80B0092FC97</key>
		<dict>
			<key>isa</key>
			<string>PBXFileReference</string>
			<key>lastKnownFileType</key>
			<string>text.rtf</string>
			<key>name</key>
			<string>en</string>
			<key>path</key>
			<string>en.lproj/Credits.rtf</string>
			<key>sourceTree</key>
			<string>&lt;group&gt;</string>
		</dict>
		<key>89B0A6B7195BB80B0092FC97</key>
		<dict>
			<key>fileRef</key>
			<string>89B0A6B5195BB80B0092FC97</string>
			<key>isa</key>
			<string>PBXBuildFile</string>
		</dict>
		<key>89B0A6B8195BB80B0092FC97</key>
		<dict>
			<key>isa</key>
			<string>PBXFileReference</string>
			<key>lastKnownFileType</key>
			<string>sourcecode.c.h</string>
			<key>path</key>
			<string>DCAppDelegate.h</string>
			<key>sourceTree</key>
			<string>&lt;group&gt;</string>
		</dict>
		<key>89B0A6B9195BB80B0092FC97</key>
		<dict>
			<key>isa</key>
			<string>PBXFileReference</string>
			<key>lastKnownFileType</key>
			<string>sourcecode.c.objc</string>
			<key>path</key>
			<string>DCAppDelegate.m</string>
			<key>sourceTree</key>
			<string>&lt;group&gt;</string>
		</dict>
		<key>89B0A6BA195BB80B0092FC97</key>
		<dict>
			<key>fileRef</key>
			<string>89B0A6B9195BB80B0092FC97</string>
			<key>isa</key>
			<string>PBXBuildFile</string>
		</dict>
		<key>89B0A6BB195BB80C0092FC97</key>
		<dict>
			<key>children</key>
			<array>
				<string>89B0A6BC195BB80C0092FC97</string>
			</array>
			<key>isa</key>
			<string>PBXVariantGroup</string>
			<key>name</key>
			<string>MainMenu.xib</string>
			<key>sourceTree</key>
			<string>&lt;group&gt;</string>
		</dict>
		<key>89B0A6BC195BB80C0092FC97</key>
		<dict>
			<key>isa</key>
			<string>PBXFileReference</string>
			<key>lastKnownFileType</key>
			<string>file.xib</string>
			<key>name</key>
			<string>Base</string>
			<key>path</key>
			<string>Base.lproj/MainMenu.xib</string>
			<key>sourceTree</key>
			<string>&lt;group&gt;</string>
		</dict>
		<key>89B0A6BD195BB80C0092FC97</key>
		<dict>
			<key>fileRef</key>
			<string>89B0A6BB195BB80C0092FC97</string>
			<key>isa</key>
			<string>PBXBuildFile</string>
		</dict>
		<key>89B0A6BE195BB80C0092FC97</key>
		<dict>
			<key>isa</key>
			<string>PBXFileReference</string>
			<key>lastKnownFileType</key>
			<string>folder.assetcatalog</string>
			<key>path</key>
			<string>Images.xcassets</string>
			<key>sourceTree</key>
			<string>&lt;group&gt;</string>
		</dict>
		<key>89B0A6BF195BB80C0092FC97</key>
		<dict>
			<key>fileRef</key>
			<string>89B0A6BE195BB80C0092FC97</string>
			<key>isa</key>
			<string>PBXBuildFile</string>
		</dict>
		<key>89B0A6C0195BB80C0092FC97</key>
		<dict>
			<key>buildActionMask</key>
			<string>2147483647</string>
			<key>files</key>
			<array>
				<string>89B0A6D1195BB80C0092FC97</string>
			</array>
			<key>isa</key>
			<string>PBXSourcesBuildPhase</string>
			<key>runOnlyForDeploymentPostprocessing</key>
			<string>0</string>
		</dict>
		<key>89B0A6C1195BB80C0092FC97</key>
		<dict>
			<key>buildActionMask</key>
			<string>2147483647</string>
			<key>files</key>
			<array>
				<string>89B0A6C7195BB80C0092FC97</string>
				<string>89B0A6C6195BB80C0092FC97</string>
				<string>8400EBB764804F908F00136D</string>
			</array>
			<key>isa</key>
			<string>PBXFrameworksBuildPhase</string>
			<key>runOnlyForDeploymentPostprocessing</key>
			<string>0</string>
		</dict>
		<key>89B0A6C2195BB80C0092FC97</key>
		<dict>
			<key>buildActionMask</key>
			<string>2147483647</string>
			<key>files</key>
			<array>
				<string>89B0A6CF195BB80C0092FC97</string>
			</array>
			<key>isa</key>
			<string>PBXResourcesBuildPhase</string>
			<key>runOnlyForDeploymentPostprocessing</key>
			<string>0</string>
		</dict>
		<key>89B0A6C3195BB80C0092FC97</key>
		<dict>
			<key>buildConfigurationList</key>
			<string>89B0A6D7195BB80C0092FC97</string>
			<key>buildPhases</key>
			<array>
				<string>3D1D37A0B56E4397845CD567</string>
				<string>89B0A6C0195BB80C0092FC97</string>
				<string>89B0A6C1195BB80C0092FC97</string>
				<string>89B0A6C2195BB80C0092FC97</string>
				<string>D63FAB57F22B4964A2C7C019</string>
			</array>
			<key>buildRules</key>
			<array/>
			<key>dependencies</key>
			<array>
				<string>89B0A6C9195BB80C0092FC97</string>
			</array>
			<key>isa</key>
			<string>PBXNativeTarget</string>
			<key>name</key>
			<string>LampLighterTests</string>
			<key>productName</key>
			<string>LampLighterTests</string>
			<key>productReference</key>
			<string>89B0A6C4195BB80C0092FC97</string>
			<key>productType</key>
			<string>com.apple.product-type.bundle.unit-test</string>
		</dict>
		<key>89B0A6C4195BB80C0092FC97</key>
		<dict>
			<key>explicitFileType</key>
			<string>wrapper.cfbundle</string>
			<key>includeInIndex</key>
			<string>0</string>
			<key>isa</key>
			<string>PBXFileReference</string>
			<key>path</key>
			<string>LampLighterTests.xctest</string>
			<key>sourceTree</key>
			<string>BUILT_PRODUCTS_DIR</string>
		</dict>
		<key>89B0A6C5195BB80C0092FC97</key>
		<dict>
			<key>isa</key>
			<string>PBXFileReference</string>
			<key>lastKnownFileType</key>
			<string>wrapper.framework</string>
			<key>name</key>
			<string>XCTest.framework</string>
			<key>path</key>
			<string>Library/Frameworks/XCTest.framework</string>
			<key>sourceTree</key>
			<string>DEVELOPER_DIR</string>
		</dict>
		<key>89B0A6C6195BB80C0092FC97</key>
		<dict>
			<key>fileRef</key>
			<string>89B0A6C5195BB80C0092FC97</string>
			<key>isa</key>
			<string>PBXBuildFile</string>
		</dict>
		<key>89B0A6C7195BB80C0092FC97</key>
		<dict>
			<key>fileRef</key>
			<string>89B0A6A6195BB80B0092FC97</string>
			<key>isa</key>
			<string>PBXBuildFile</string>
		</dict>
		<key>89B0A6C8195BB80C0092FC97</key>
		<dict>
			<key>containerPortal</key>
			<string>89B0A69B195BB80B0092FC97</string>
			<key>isa</key>
			<string>PBXContainerItemProxy</string>
			<key>proxyType</key>
			<string>1</string>
			<key>remoteGlobalIDString</key>
			<string>89B0A6A2195BB80B0092FC97</string>
			<key>remoteInfo</key>
			<string>LampLighter</string>
		</dict>
		<key>89B0A6C9195BB80C0092FC97</key>
		<dict>
			<key>isa</key>
			<string>PBXTargetDependency</string>
			<key>target</key>
			<string>89B0A6A2195BB80B0092FC97</string>
			<key>targetProxy</key>
			<string>89B0A6C8195BB80C0092FC97</string>
		</dict>
		<key>89B0A6CA195BB80C0092FC97</key>
		<dict>
			<key>children</key>
			<array>
				<string>89B0A6D0195BB80C0092FC97</string>
				<string>89B0A6CB195BB80C0092FC97</string>
			</array>
			<key>isa</key>
			<string>PBXGroup</string>
			<key>path</key>
			<string>LampLighterTests</string>
			<key>sourceTree</key>
			<string>&lt;group&gt;</string>
		</dict>
		<key>89B0A6CB195BB80C0092FC97</key>
		<dict>
			<key>children</key>
			<array>
				<string>89B0A6CC195BB80C0092FC97</string>
				<string>89B0A6CD195BB80C0092FC97</string>
			</array>
			<key>isa</key>
			<string>PBXGroup</string>
			<key>name</key>
			<string>Supporting Files</string>
			<key>sourceTree</key>
			<string>&lt;group&gt;</string>
		</dict>
		<key>89B0A6CC195BB80C0092FC97</key>
		<dict>
			<key>isa</key>
			<string>PBXFileReference</string>
			<key>lastKnownFileType</key>
			<string>text.plist.xml</string>
			<key>path</key>
			<string>LampLighterTests-Info.plist</string>
			<key>sourceTree</key>
			<string>&lt;group&gt;</string>
		</dict>
		<key>89B0A6CD195BB80C0092FC97</key>
		<dict>
			<key>children</key>
			<array>
				<string>89B0A6CE195BB80C0092FC97</string>
			</array>
			<key>isa</key>
			<string>PBXVariantGroup</string>
			<key>name</key>
			<string>InfoPlist.strings</string>
			<key>sourceTree</key>
			<string>&lt;group&gt;</string>
		</dict>
		<key>89B0A6CE195BB80C0092FC97</key>
		<dict>
			<key>isa</key>
			<string>PBXFileReference</string>
			<key>lastKnownFileType</key>
			<string>text.plist.strings</string>
			<key>name</key>
			<string>en</string>
			<key>path</key>
			<string>en.lproj/InfoPlist.strings</string>
			<key>sourceTree</key>
			<string>&lt;group&gt;</string>
		</dict>
		<key>89B0A6CF195BB80C0092FC97</key>
		<dict>
			<key>fileRef</key>
			<string>89B0A6CD195BB80C0092FC97</string>
			<key>isa</key>
			<string>PBXBuildFile</string>
		</dict>
		<key>89B0A6D0195BB80C0092FC97</key>
		<dict>
			<key>isa</key>
			<string>PBXFileReference</string>
			<key>lastKnownFileType</key>
			<string>sourcecode.c.objc</string>
			<key>path</key>
			<string>LampLighterTests.m</string>
			<key>sourceTree</key>
			<string>&lt;group&gt;</string>
		</dict>
		<key>89B0A6D1195BB80C0092FC97</key>
		<dict>
			<key>fileRef</key>
			<string>89B0A6D0195BB80C0092FC97</string>
			<key>isa</key>
			<string>PBXBuildFile</string>
		</dict>
		<key>89B0A6D2195BB80C0092FC97</key>
		<dict>
			<key>buildSettings</key>
			<dict>
				<key>ALWAYS_SEARCH_USER_PATHS</key>
				<string>NO</string>
				<key>CLANG_CXX_LANGUAGE_STANDARD</key>
				<string>gnu++0x</string>
				<key>CLANG_CXX_LIBRARY</key>
				<string>libc++</string>
				<key>CLANG_ENABLE_MODULES</key>
				<string>YES</string>
				<key>CLANG_ENABLE_OBJC_ARC</key>
				<string>YES</string>
				<key>CLANG_WARN_BOOL_CONVERSION</key>
				<string>YES</string>
				<key>CLANG_WARN_CONSTANT_CONVERSION</key>
				<string>YES</string>
				<key>CLANG_WARN_DIRECT_OBJC_ISA_USAGE</key>
				<string>YES_ERROR</string>
				<key>CLANG_WARN_EMPTY_BODY</key>
				<string>YES</string>
				<key>CLANG_WARN_ENUM_CONVERSION</key>
				<string>YES</string>
				<key>CLANG_WARN_INT_CONVERSION</key>
				<string>YES</string>
				<key>CLANG_WARN_OBJC_ROOT_CLASS</key>
				<string>YES_ERROR</string>
				<key>CLANG_WARN__DUPLICATE_METHOD_MATCH</key>
				<string>YES</string>
				<key>COPY_PHASE_STRIP</key>
				<string>NO</string>
				<key>GCC_C_LANGUAGE_STANDARD</key>
				<string>gnu99</string>
				<key>GCC_DYNAMIC_NO_PIC</key>
				<string>NO</string>
				<key>GCC_ENABLE_OBJC_EXCEPTIONS</key>
				<string>YES</string>
				<key>GCC_OPTIMIZATION_LEVEL</key>
				<string>0</string>
				<key>GCC_PREPROCESSOR_DEFINITIONS</key>
				<array>
					<string>DEBUG=1</string>
					<string>$(inherited)</string>
				</array>
				<key>GCC_SYMBOLS_PRIVATE_EXTERN</key>
				<string>NO</string>
				<key>GCC_WARN_64_TO_32_BIT_CONVERSION</key>
				<string>YES</string>
				<key>GCC_WARN_ABOUT_RETURN_TYPE</key>
				<string>YES_ERROR</string>
				<key>GCC_WARN_UNDECLARED_SELECTOR</key>
				<string>YES</string>
				<key>GCC_WARN_UNINITIALIZED_AUTOS</key>
				<string>YES_AGGRESSIVE</string>
				<key>GCC_WARN_UNUSED_FUNCTION</key>
				<string>YES</string>
				<key>GCC_WARN_UNUSED_VARIABLE</key>
				<string>YES</string>
				<key>MACOSX_DEPLOYMENT_TARGET</key>
				<string>10.9</string>
				<key>ONLY_ACTIVE_ARCH</key>
				<string>YES</string>
				<key>SDKROOT</key>
				<string>macosx</string>
			</dict>
			<key>isa</key>
			<string>XCBuildConfiguration</string>
			<key>name</key>
			<string>Debug</string>
		</dict>
		<key>89B0A6D3195BB80C0092FC97</key>
		<dict>
			<key>buildSettings</key>
			<dict>
				<key>ALWAYS_SEARCH_USER_PATHS</key>
				<string>NO</string>
				<key>CLANG_CXX_LANGUAGE_STANDARD</key>
				<string>gnu++0x</string>
				<key>CLANG_CXX_LIBRARY</key>
				<string>libc++</string>
				<key>CLANG_ENABLE_MODULES</key>
				<string>YES</string>
				<key>CLANG_ENABLE_OBJC_ARC</key>
				<string>YES</string>
				<key>CLANG_WARN_BOOL_CONVERSION</key>
				<string>YES</string>
				<key>CLANG_WARN_CONSTANT_CONVERSION</key>
				<string>YES</string>
				<key>CLANG_WARN_DIRECT_OBJC_ISA_USAGE</key>
				<string>YES_ERROR</string>
				<key>CLANG_WARN_EMPTY_BODY</key>
				<string>YES</string>
				<key>CLANG_WARN_ENUM_CONVERSION</key>
				<string>YES</string>
				<key>CLANG_WARN_INT_CONVERSION</key>
				<string>YES</string>
				<key>CLANG_WARN_OBJC_ROOT_CLASS</key>
				<string>YES_ERROR</string>
				<key>CLANG_WARN__DUPLICATE_METHOD_MATCH</key>
				<string>YES</string>
				<key>COPY_PHASE_STRIP</key>
				<string>YES</string>
				<key>DEBUG_INFORMATION_FORMAT</key>
				<string>dwarf-with-dsym</string>
				<key>ENABLE_NS_ASSERTIONS</key>
				<string>NO</string>
				<key>GCC_C_LANGUAGE_STANDARD</key>
				<string>gnu99</string>
				<key>GCC_ENABLE_OBJC_EXCEPTIONS</key>
				<string>YES</string>
				<key>GCC_WARN_64_TO_32_BIT_CONVERSION</key>
				<string>YES</string>
				<key>GCC_WARN_ABOUT_RETURN_TYPE</key>
				<string>YES_ERROR</string>
				<key>GCC_WARN_UNDECLARED_SELECTOR</key>
				<string>YES</string>
				<key>GCC_WARN_UNINITIALIZED_AUTOS</key>
				<string>YES_AGGRESSIVE</string>
				<key>GCC_WARN_UNUSED_FUNCTION</key>
				<string>YES</string>
				<key>GCC_WARN_UNUSED_VARIABLE</key>
				<string>YES</string>
				<key>MACOSX_DEPLOYMENT_TARGET</key>
				<string>10.9</string>
				<key>SDKROOT</key>
				<string>macosx</string>
			</dict>
			<key>isa</key>
			<string>XCBuildConfiguration</string>
			<key>name</key>
			<string>Release</string>
		</dict>
		<key>89B0A6D4195BB80C0092FC97</key>
		<dict>
			<key>buildConfigurations</key>
			<array>
				<string>89B0A6D5195BB80C0092FC97</string>
				<string>89B0A6D6195BB80C0092FC97</string>
			</array>
			<key>defaultConfigurationIsVisible</key>
			<string>0</string>
			<key>defaultConfigurationName</key>
			<string>Release</string>
			<key>isa</key>
			<string>XCConfigurationList</string>
		</dict>
		<key>89B0A6D5195BB80C0092FC97</key>
		<dict>
			<key>baseConfigurationReference</key>
			<string>9CA20F53E57E4DA3917AE6B4</string>
			<key>buildSettings</key>
			<dict>
				<key>ALWAYS_SEARCH_USER_PATHS</key>
				<string>YES</string>
				<key>ASSETCATALOG_COMPILER_APPICON_NAME</key>
				<string>AppIcon</string>
				<key>COMBINE_HIDPI_IMAGES</key>
				<string>YES</string>
				<key>FRAMEWORK_SEARCH_PATHS</key>
				<string>$(inherited)</string>
				<key>GCC_PRECOMPILE_PREFIX_HEADER</key>
				<string>YES</string>
				<key>GCC_PREFIX_HEADER</key>
				<string>LampLighter/LampLighter-Prefix.pch</string>
				<key>INFOPLIST_FILE</key>
				<string>LampLighter/LampLighter-Info.plist</string>
				<key>PRODUCT_NAME</key>
				<string>$(TARGET_NAME)</string>
				<key>WRAPPER_EXTENSION</key>
				<string>app</string>
			</dict>
			<key>isa</key>
			<string>XCBuildConfiguration</string>
			<key>name</key>
			<string>Debug</string>
		</dict>
		<key>89B0A6D6195BB80C0092FC97</key>
		<dict>
			<key>baseConfigurationReference</key>
			<string>9CA20F53E57E4DA3917AE6B4</string>
			<key>buildSettings</key>
			<dict>
				<key>ALWAYS_SEARCH_USER_PATHS</key>
				<string>YES</string>
				<key>ASSETCATALOG_COMPILER_APPICON_NAME</key>
				<string>AppIcon</string>
				<key>COMBINE_HIDPI_IMAGES</key>
				<string>YES</string>
				<key>FRAMEWORK_SEARCH_PATHS</key>
				<string>$(inherited)</string>
				<key>GCC_PRECOMPILE_PREFIX_HEADER</key>
				<string>YES</string>
				<key>GCC_PREFIX_HEADER</key>
				<string>LampLighter/LampLighter-Prefix.pch</string>
				<key>INFOPLIST_FILE</key>
				<string>LampLighter/LampLighter-Info.plist</string>
				<key>PRODUCT_NAME</key>
				<string>$(TARGET_NAME)</string>
				<key>WRAPPER_EXTENSION</key>
				<string>app</string>
			</dict>
			<key>isa</key>
			<string>XCBuildConfiguration</string>
			<key>name</key>
			<string>Release</string>
		</dict>
		<key>89B0A6D7195BB80C0092FC97</key>
		<dict>
			<key>buildConfigurations</key>
			<array>
				<string>89B0A6D8195BB80C0092FC97</string>
				<string>89B0A6D9195BB80C0092FC97</string>
			</array>
			<key>defaultConfigurationIsVisible</key>
			<string>0</string>
			<key>defaultConfigurationName</key>
			<string>Release</string>
			<key>isa</key>
			<string>XCConfigurationList</string>
		</dict>
		<key>89B0A6D8195BB80C0092FC97</key>
		<dict>
			<key>baseConfigurationReference</key>
			<string>7ED23F8C1D3143BCB2C6EBBB</string>
			<key>buildSettings</key>
			<dict>
				<key>BUNDLE_LOADER</key>
				<string>$(BUILT_PRODUCTS_DIR)/LampLighter.app/Contents/MacOS/LampLighter</string>
				<key>COMBINE_HIDPI_IMAGES</key>
				<string>YES</string>
				<key>FRAMEWORK_SEARCH_PATHS</key>
				<array>
					<string>$(DEVELOPER_FRAMEWORKS_DIR)</string>
					<string>$(inherited)</string>
				</array>
				<key>GCC_PRECOMPILE_PREFIX_HEADER</key>
				<string>YES</string>
				<key>GCC_PREFIX_HEADER</key>
				<string>LampLighter/LampLighter-Prefix.pch</string>
				<key>GCC_PREPROCESSOR_DEFINITIONS</key>
				<array>
					<string>DEBUG=1</string>
					<string>$(inherited)</string>
				</array>
				<key>INFOPLIST_FILE</key>
				<string>LampLighterTests/LampLighterTests-Info.plist</string>
				<key>PRODUCT_NAME</key>
				<string>$(TARGET_NAME)</string>
				<key>TEST_HOST</key>
				<string>$(BUNDLE_LOADER)</string>
				<key>WRAPPER_EXTENSION</key>
				<string>xctest</string>
			</dict>
			<key>isa</key>
			<string>XCBuildConfiguration</string>
			<key>name</key>
			<string>Debug</string>
		</dict>
		<key>89B0A6D9195BB80C0092FC97</key>
		<dict>
			<key>baseConfigurationReference</key>
			<string>7ED23F8C1D3143BCB2C6EBBB</string>
			<key>buildSettings</key>
			<dict>
				<key>BUNDLE_LOADER</key>
				<string>$(BUILT_PRODUCTS_DIR)/LampLighter.app/Contents/MacOS/LampLighter</string>
				<key>COMBINE_HIDPI_IMAGES</key>
				<string>YES</string>
				<key>FRAMEWORK_SEARCH_PATHS</key>
				<array>
					<string>$(DEVELOPER_FRAMEWORKS_DIR)</string>
					<string>$(inherited)</string>
				</array>
				<key>GCC_PRECOMPILE_PREFIX_HEADER</key>
				<string>YES</string>
				<key>GCC_PREFIX_HEADER</key>
				<string>LampLighter/LampLighter-Prefix.pch</string>
				<key>INFOPLIST_FILE</key>
				<string>LampLighterTests/LampLighterTests-Info.plist</string>
				<key>PRODUCT_NAME</key>
				<string>$(TARGET_NAME)</string>
				<key>TEST_HOST</key>
				<string>$(BUNDLE_LOADER)</string>
				<key>WRAPPER_EXTENSION</key>
				<string>xctest</string>
			</dict>
			<key>isa</key>
			<string>XCBuildConfiguration</string>
			<key>name</key>
			<string>Release</string>
		</dict>
		<key>89B0A6E5195BB84E0092FC97</key>
		<dict>
			<key>fileEncoding</key>
			<string>4</string>
			<key>isa</key>
			<string>PBXFileReference</string>
			<key>lastKnownFileType</key>
			<string>sourcecode.c.objc</string>
			<key>path</key>
			<string>DCEditableImage.m</string>
			<key>sourceTree</key>
			<string>&lt;group&gt;</string>
		</dict>
		<key>89B0A6E6195BB84E0092FC97</key>
		<dict>
			<key>fileEncoding</key>
			<string>4</string>
			<key>isa</key>
			<string>PBXFileReference</string>
			<key>lastKnownFileType</key>
			<string>sourcecode.c.h</string>
			<key>path</key>
			<string>DCEditableImage.h</string>
			<key>sourceTree</key>
			<string>&lt;group&gt;</string>
		</dict>
		<key>89B0A6ED195BB84E0092FC97</key>
		<dict>
			<key>fileRef</key>
			<string>89B0A6E5195BB84E0092FC97</string>
			<key>isa</key>
			<string>PBXBuildFile</string>
		</dict>
		<key>89CA25821962F32900471681</key>
		<dict>
			<key>isa</key>
			<string>PBXFileReference</string>
			<key>lastKnownFileType</key>
			<string>image.jpeg</string>
			<key>path</key>
			<string>Beauty.jpg</string>
			<key>sourceTree</key>
			<string>&lt;group&gt;</string>
		</dict>
		<key>89CA25831962F32900471681</key>
		<dict>
			<key>fileRef</key>
			<string>89CA25821962F32900471681</string>
			<key>isa</key>
			<string>PBXBuildFile</string>
		</dict>
		<key>89E41BCB1966CCFE00637AB2</key>
		<dict>
			<key>fileEncoding</key>
			<string>4</string>
			<key>isa</key>
			<string>PBXFileReference</string>
			<key>lastKnownFileType</key>
			<string>sourcecode.c.h</string>
			<key>path</key>
			<string>DCImageCropTool+Responder.h</string>
			<key>sourceTree</key>
			<string>&lt;group&gt;</string>
		</dict>
		<key>89E41BCC1966CCFE00637AB2</key>
		<dict>
			<key>fileEncoding</key>
			<string>4</string>
			<key>isa</key>
			<string>PBXFileReference</string>
			<key>lastKnownFileType</key>
			<string>sourcecode.c.objc</string>
			<key>path</key>
			<string>DCImageCropTool+Responder.m</string>
			<key>sourceTree</key>
			<string>&lt;group&gt;</string>
		</dict>
		<key>89E41BCD1966CCFE00637AB2</key>
		<dict>
			<key>fileRef</key>
			<string>89E41BCC1966CCFE00637AB2</string>
			<key>isa</key>
			<string>PBXBuildFile</string>
		</dict>
		<key>99CDC4ADAFD248F6A28E2946</key>
		<dict>
			<key>buildActionMask</key>
			<string>2147483647</string>
			<key>files</key>
			<array/>
			<key>inputPaths</key>
			<array/>
			<key>isa</key>
			<string>PBXShellScriptBuildPhase</string>
			<key>name</key>
			<string>Check Pods Manifest.lock</string>
			<key>outputPaths</key>
			<array/>
			<key>runOnlyForDeploymentPostprocessing</key>
			<string>0</string>
			<key>shellPath</key>
			<string>/bin/sh</string>
			<key>shellScript</key>
			<string>diff "${PODS_ROOT}/../Podfile.lock" "${PODS_ROOT}/Manifest.lock" &gt; /dev/null
if [[ $? != 0 ]] ; then
    cat &lt;&lt; EOM
error: The sandbox is not in sync with the Podfile.lock. Run 'pod install' or update your CocoaPods installation.
EOM
    exit 1
fi
</string>
			<key>showEnvVarsInLog</key>
			<string>0</string>
		</dict>
		<key>9CA20F53E57E4DA3917AE6B4</key>
		<dict>
			<key>includeInIndex</key>
			<string>1</string>
			<key>isa</key>
			<string>PBXFileReference</string>
			<key>lastKnownFileType</key>
			<string>text.xcconfig</string>
			<key>name</key>
			<string>Pods-LampLighter.xcconfig</string>
			<key>path</key>
			<string>Pods/Pods-LampLighter.xcconfig</string>
			<key>sourceTree</key>
			<string>&lt;group&gt;</string>
		</dict>
		<key>A22E25D770CE495F9DCCB880</key>
		<dict>
			<key>explicitFileType</key>
			<string>archive.ar</string>
			<key>includeInIndex</key>
			<string>0</string>
			<key>isa</key>
			<string>PBXFileReference</string>
			<key>path</key>
			<string>libPods-LampLighterTests.a</string>
			<key>sourceTree</key>
			<string>BUILT_PRODUCTS_DIR</string>
		</dict>
		<key>D63FAB57F22B4964A2C7C019</key>
		<dict>
			<key>buildActionMask</key>
			<string>2147483647</string>
			<key>files</key>
			<array/>
			<key>inputPaths</key>
			<array/>
			<key>isa</key>
			<string>PBXShellScriptBuildPhase</string>
			<key>name</key>
			<string>Copy Pods Resources</string>
			<key>outputPaths</key>
			<array/>
			<key>runOnlyForDeploymentPostprocessing</key>
			<string>0</string>
			<key>shellPath</key>
			<string>/bin/sh</string>
			<key>shellScript</key>
			<string>"${SRCROOT}/Pods/Pods-LampLighterTests-resources.sh"
</string>
			<key>showEnvVarsInLog</key>
			<string>0</string>
		</dict>
		<key>F788FA6BD4A54A56B7E24C4B</key>
		<dict>
			<key>explicitFileType</key>
			<string>archive.ar</string>
			<key>includeInIndex</key>
			<string>0</string>
			<key>isa</key>
			<string>PBXFileReference</string>
			<key>path</key>
			<string>libPods-LampLighter.a</string>
			<key>sourceTree</key>
			<string>BUILT_PRODUCTS_DIR</string>
		</dict>
	</dict>
	<key>rootObject</key>
	<string>89B0A69B195BB80B0092FC97</string>
</dict>
</plist>
